{
  "format_version": "0.1",
  "terraform_version": "0.13.5",
  "planned_values": {
    "root_module": {
      "resources": [
        {
          "address": "google_kms_crypto_key.invalid_key_1",
          "mode": "managed",
          "type": "google_kms_crypto_key",
          "name": "invalid_key_1",
          "provider_name": "registry.terraform.io/hashicorp/google",
          "schema_version": 1,
          "values": {
            "labels": null,
            "name": "crypto-key-example",
            "purpose": "ENCRYPT_DECRYPT",
            "rotation_period": null,
            "skip_initial_version_creation": false,
            "timeouts": null
          }
        },
        {
          "address": "google_kms_crypto_key.invalid_key_2",
          "mode": "managed",
          "type": "google_kms_crypto_key",
          "name": "invalid_key_2",
          "provider_name": "registry.terraform.io/hashicorp/google",
          "schema_version": 1,
          "values": {
            "labels": null,
            "name": "crypto-key-example",
            "purpose": "ENCRYPT_DECRYPT",
            "rotation_period": "31536002s",
            "skip_initial_version_creation": false,
            "timeouts": null
          }
        },
        {
          "address": "google_kms_crypto_key.valid_key_1",
          "mode": "managed",
          "type": "google_kms_crypto_key",
          "name": "valid_key_1",
          "provider_name": "registry.terraform.io/hashicorp/google",
          "schema_version": 1,
          "values": {
            "labels": null,
            "name": "crypto-key-example",
            "purpose": "ENCRYPT_DECRYPT",
            "rotation_period": "31536000s",
            "skip_initial_version_creation": false,
            "timeouts": null
          }
        },
        {
          "address": "google_kms_key_ring.keyring",
          "mode": "managed",
          "type": "google_kms_key_ring",
          "name": "keyring",
          "provider_name": "registry.terraform.io/hashicorp/google",
          "schema_version": 0,
          "values": {
            "location": "global",
            "name": "keyring-example",
            "timeouts": null
          }
        }
      ]
    }
  },
  "resource_changes": [
    {
      "address": "google_kms_crypto_key.invalid_key_1",
      "mode": "managed",
      "type": "google_kms_crypto_key",
      "name": "invalid_key_1",
      "provider_name": "registry.terraform.io/hashicorp/google",
      "change": {
        "actions": [
          "create"
        ],
        "before": null,
        "after": {
          "labels": null,
          "name": "crypto-key-example",
          "purpose": "ENCRYPT_DECRYPT",
          "rotation_period": null,
          "skip_initial_version_creation": false,
          "timeouts": null
        },
        "after_unknown": {
          "id": true,
          "key_ring": true,
          "self_link": true,
          "version_template": true
        }
      }
    },
    {
      "address": "google_kms_crypto_key.invalid_key_2",
      "mode": "managed",
      "type": "google_kms_crypto_key",
      "name": "invalid_key_2",
      "provider_name": "registry.terraform.io/hashicorp/google",
      "change": {
        "actions": [
          "create"
        ],
        "before": null,
        "after": {
          "labels": null,
          "name": "crypto-key-example",
          "purpose": "ENCRYPT_DECRYPT",
          "rotation_period": "31536002s",
          "skip_initial_version_creation": false,
          "timeouts": null
        },
        "after_unknown": {
          "id": true,
          "key_ring": true,
          "self_link": true,
          "version_template": true
        }
      }
    },
    {
      "address": "google_kms_crypto_key.valid_key_1",
      "mode": "managed",
      "type": "google_kms_crypto_key",
      "name": "valid_key_1",
      "provider_name": "registry.terraform.io/hashicorp/google",
      "change": {
        "actions": [
          "create"
        ],
        "before": null,
        "after": {
          "labels": null,
          "name": "crypto-key-example",
          "purpose": "ENCRYPT_DECRYPT",
          "rotation_period": "31536000s",
          "skip_initial_version_creation": false,
          "timeouts": null
        },
        "after_unknown": {
          "id": true,
          "key_ring": true,
          "self_link": true,
          "version_template": true
        }
      }
    },
    {
      "address": "google_kms_key_ring.keyring",
      "mode": "managed",
      "type": "google_kms_key_ring",
      "name": "keyring",
      "provider_name": "registry.terraform.io/hashicorp/google",
      "change": {
        "actions": [
          "create"
        ],
        "before": null,
        "after": {
          "location": "global",
          "name": "keyring-example",
          "timeouts": null
        },
        "after_unknown": {
          "id": true,
          "project": true,
          "self_link": true
        }
      }
    }
  ],
  "configuration": {
    "root_module": {
      "resources": [
        {
          "address": "google_kms_crypto_key.invalid_key_1",
          "mode": "managed",
          "type": "google_kms_crypto_key",
          "name": "invalid_key_1",
          "provider_config_key": "google",
          "expressions": {
            "key_ring": {
              "references": [
                "google_kms_key_ring.keyring"
              ]
            },
            "name": {
              "constant_value": "crypto-key-example"
            }
          },
          "schema_version": 1
        },
        {
          "address": "google_kms_crypto_key.invalid_key_2",
          "mode": "managed",
          "type": "google_kms_crypto_key",
          "name": "invalid_key_2",
          "provider_config_key": "google",
          "expressions": {
            "key_ring": {
              "references": [
                "google_kms_key_ring.keyring"
              ]
            },
            "name": {
              "constant_value": "crypto-key-example"
            },
            "rotation_period": {
              "constant_value": "31536002s"
            }
          },
          "schema_version": 1
        },
        {
          "address": "google_kms_crypto_key.valid_key_1",
          "mode": "managed",
          "type": "google_kms_crypto_key",
          "name": "valid_key_1",
          "provider_config_key": "google",
          "expressions": {
            "key_ring": {
              "references": [
                "google_kms_key_ring.keyring"
              ]
            },
            "name": {
              "constant_value": "crypto-key-example"
            },
            "rotation_period": {
              "constant_value": "31536000s"
            }
          },
          "schema_version": 1
        },
        {
          "address": "google_kms_key_ring.keyring",
          "mode": "managed",
          "type": "google_kms_key_ring",
          "name": "keyring",
          "provider_config_key": "google",
          "expressions": {
            "location": {
              "constant_value": "global"
            },
            "name": {
              "constant_value": "keyring-example"
            }
          },
          "schema_version": 0
        }
      ]
    }
  }
}
