{
  "format_version": "0.1",
  "terraform_version": "0.13.5",
  "planned_values": {
    "root_module": {
      "resources": [
        {
          "address": "google_compute_firewall.invalid-rule-1",
          "mode": "managed",
          "type": "google_compute_firewall",
          "name": "invalid-rule-1",
          "provider_name": "registry.terraform.io/hashicorp/google",
          "schema_version": 1,
          "values": {
            "allow": [
              {
                "ports": [
                  "3389",
                  "8080",
                  "1000-2000"
                ],
                "protocol": "tcp"
              },
              {
                "ports": [],
                "protocol": "icmp"
              }
            ],
            "deny": [],
            "description": null,
            "disabled": null,
            "log_config": [],
            "name": "invalid-rule-1",
            "network": "test-network",
            "priority": 1000,
            "source_ranges": [
              "0.0.0.0/0"
            ],
            "source_service_accounts": null,
            "source_tags": null,
            "target_service_accounts": null,
            "target_tags": null,
            "timeouts": null
          }
        },
        {
          "address": "google_compute_firewall.invalid-rule-2",
          "mode": "managed",
          "type": "google_compute_firewall",
          "name": "invalid-rule-2",
          "provider_name": "registry.terraform.io/hashicorp/google",
          "schema_version": 1,
          "values": {
            "allow": [
              {
                "ports": [
                  "3320-3395",
                  "20"
                ],
                "protocol": "tcp"
              },
              {
                "ports": [],
                "protocol": "icmp"
              }
            ],
            "deny": [],
            "description": null,
            "disabled": null,
            "log_config": [],
            "name": "invalid-rule-2",
            "network": "test-network",
            "priority": 1000,
            "source_ranges": [
              "0.0.0.0/0"
            ],
            "source_service_accounts": null,
            "source_tags": null,
            "target_service_accounts": null,
            "target_tags": null,
            "timeouts": null
          }
        },
        {
          "address": "google_compute_firewall.valid-rule-1",
          "mode": "managed",
          "type": "google_compute_firewall",
          "name": "valid-rule-1",
          "provider_name": "registry.terraform.io/hashicorp/google",
          "schema_version": 1,
          "values": {
            "allow": [
              {
                "ports": [
                  "80",
                  "8080",
                  "1000-2000"
                ],
                "protocol": "tcp"
              },
              {
                "ports": [],
                "protocol": "icmp"
              }
            ],
            "deny": [],
            "description": null,
            "disabled": null,
            "log_config": [],
            "name": "valid-rule-1",
            "network": "test-network",
            "priority": 1000,
            "source_ranges": [
              "0.0.0.0/0"
            ],
            "source_service_accounts": null,
            "source_tags": [
              "web"
            ],
            "target_service_accounts": null,
            "target_tags": null,
            "timeouts": null
          }
        },
        {
          "address": "google_compute_firewall.valid-rule-2",
          "mode": "managed",
          "type": "google_compute_firewall",
          "name": "valid-rule-2",
          "provider_name": "registry.terraform.io/hashicorp/google",
          "schema_version": 1,
          "values": {
            "allow": [
              {
                "ports": [
                  "3389"
                ],
                "protocol": "tcp"
              }
            ],
            "deny": [],
            "description": null,
            "disabled": null,
            "log_config": [],
            "name": "valid-rule-2",
            "network": "test-network",
            "priority": 1000,
            "source_service_accounts": null,
            "source_tags": null,
            "target_service_accounts": null,
            "target_tags": null,
            "timeouts": null
          }
        },
        {
          "address": "google_compute_network.default",
          "mode": "managed",
          "type": "google_compute_network",
          "name": "default",
          "provider_name": "registry.terraform.io/hashicorp/google",
          "schema_version": 0,
          "values": {
            "auto_create_subnetworks": true,
            "delete_default_routes_on_create": false,
            "description": null,
            "name": "test-network",
            "timeouts": null
          }
        }
      ]
    }
  },
  "resource_changes": [
    {
      "address": "google_compute_firewall.invalid-rule-1",
      "mode": "managed",
      "type": "google_compute_firewall",
      "name": "invalid-rule-1",
      "provider_name": "registry.terraform.io/hashicorp/google",
      "change": {
        "actions": [
          "create"
        ],
        "before": null,
        "after": {
          "allow": [
            {
              "ports": [
                "3389",
                "8080",
                "1000-2000"
              ],
              "protocol": "tcp"
            },
            {
              "ports": [],
              "protocol": "icmp"
            }
          ],
          "deny": [],
          "description": null,
          "disabled": null,
          "log_config": [],
          "name": "invalid-rule-1",
          "network": "test-network",
          "priority": 1000,
          "source_ranges": [
            "0.0.0.0/0"
          ],
          "source_service_accounts": null,
          "source_tags": null,
          "target_service_accounts": null,
          "target_tags": null,
          "timeouts": null
        },
        "after_unknown": {
          "allow": [
            {
              "ports": [
                false,
                false,
                false
              ]
            },
            {
              "ports": []
            }
          ],
          "creation_timestamp": true,
          "deny": [],
          "destination_ranges": true,
          "direction": true,
          "enable_logging": true,
          "id": true,
          "log_config": [],
          "project": true,
          "self_link": true,
          "source_ranges": [
            false
          ]
        }
      }
    },
    {
      "address": "google_compute_firewall.invalid-rule-2",
      "mode": "managed",
      "type": "google_compute_firewall",
      "name": "invalid-rule-2",
      "provider_name": "registry.terraform.io/hashicorp/google",
      "change": {
        "actions": [
          "create"
        ],
        "before": null,
        "after": {
          "allow": [
            {
              "ports": [
                "3320-3395",
                "20"
              ],
              "protocol": "tcp"
            },
            {
              "ports": [],
              "protocol": "icmp"
            }
          ],
          "deny": [],
          "description": null,
          "disabled": null,
          "log_config": [],
          "name": "invalid-rule-2",
          "network": "test-network",
          "priority": 1000,
          "source_ranges": [
            "0.0.0.0/0"
          ],
          "source_service_accounts": null,
          "source_tags": null,
          "target_service_accounts": null,
          "target_tags": null,
          "timeouts": null
        },
        "after_unknown": {
          "allow": [
            {
              "ports": [
                false,
                false
              ]
            },
            {
              "ports": []
            }
          ],
          "creation_timestamp": true,
          "deny": [],
          "destination_ranges": true,
          "direction": true,
          "enable_logging": true,
          "id": true,
          "log_config": [],
          "project": true,
          "self_link": true,
          "source_ranges": [
            false
          ]
        }
      }
    },
    {
      "address": "google_compute_firewall.valid-rule-1",
      "mode": "managed",
      "type": "google_compute_firewall",
      "name": "valid-rule-1",
      "provider_name": "registry.terraform.io/hashicorp/google",
      "change": {
        "actions": [
          "create"
        ],
        "before": null,
        "after": {
          "allow": [
            {
              "ports": [
                "80",
                "8080",
                "1000-2000"
              ],
              "protocol": "tcp"
            },
            {
              "ports": [],
              "protocol": "icmp"
            }
          ],
          "deny": [],
          "description": null,
          "disabled": null,
          "log_config": [],
          "name": "valid-rule-1",
          "network": "test-network",
          "priority": 1000,
          "source_ranges": [
            "0.0.0.0/0"
          ],
          "source_service_accounts": null,
          "source_tags": [
            "web"
          ],
          "target_service_accounts": null,
          "target_tags": null,
          "timeouts": null
        },
        "after_unknown": {
          "allow": [
            {
              "ports": [
                false,
                false,
                false
              ]
            },
            {
              "ports": []
            }
          ],
          "creation_timestamp": true,
          "deny": [],
          "destination_ranges": true,
          "direction": true,
          "enable_logging": true,
          "id": true,
          "log_config": [],
          "project": true,
          "self_link": true,
          "source_ranges": [
            false
          ],
          "source_tags": [
            false
          ]
        }
      }
    },
    {
      "address": "google_compute_firewall.valid-rule-2",
      "mode": "managed",
      "type": "google_compute_firewall",
      "name": "valid-rule-2",
      "provider_name": "registry.terraform.io/hashicorp/google",
      "change": {
        "actions": [
          "create"
        ],
        "before": null,
        "after": {
          "allow": [
            {
              "ports": [
                "3389"
              ],
              "protocol": "tcp"
            }
          ],
          "deny": [],
          "description": null,
          "disabled": null,
          "log_config": [],
          "name": "valid-rule-2",
          "network": "test-network",
          "priority": 1000,
          "source_service_accounts": null,
          "source_tags": null,
          "target_service_accounts": null,
          "target_tags": null,
          "timeouts": null
        },
        "after_unknown": {
          "allow": [
            {
              "ports": [
                false
              ]
            }
          ],
          "creation_timestamp": true,
          "deny": [],
          "destination_ranges": true,
          "direction": true,
          "enable_logging": true,
          "id": true,
          "log_config": [],
          "project": true,
          "self_link": true,
          "source_ranges": true
        }
      }
    },
    {
      "address": "google_compute_network.default",
      "mode": "managed",
      "type": "google_compute_network",
      "name": "default",
      "provider_name": "registry.terraform.io/hashicorp/google",
      "change": {
        "actions": [
          "create"
        ],
        "before": null,
        "after": {
          "auto_create_subnetworks": true,
          "delete_default_routes_on_create": false,
          "description": null,
          "name": "test-network",
          "timeouts": null
        },
        "after_unknown": {
          "gateway_ipv4": true,
          "id": true,
          "mtu": true,
          "project": true,
          "routing_mode": true,
          "self_link": true
        }
      }
    }
  ],
  "configuration": {
    "root_module": {
      "resources": [
        {
          "address": "google_compute_firewall.invalid-rule-1",
          "mode": "managed",
          "type": "google_compute_firewall",
          "name": "invalid-rule-1",
          "provider_config_key": "google",
          "expressions": {
            "allow": [
              {
                "protocol": {
                  "constant_value": "icmp"
                }
              },
              {
                "ports": {
                  "constant_value": [
                    "3389",
                    "8080",
                    "1000-2000"
                  ]
                },
                "protocol": {
                  "constant_value": "tcp"
                }
              }
            ],
            "name": {
              "constant_value": "invalid-rule-1"
            },
            "network": {
              "references": [
                "google_compute_network.default"
              ]
            },
            "source_ranges": {
              "constant_value": [
                "0.0.0.0/0"
              ]
            }
          },
          "schema_version": 1
        },
        {
          "address": "google_compute_firewall.invalid-rule-2",
          "mode": "managed",
          "type": "google_compute_firewall",
          "name": "invalid-rule-2",
          "provider_config_key": "google",
          "expressions": {
            "allow": [
              {
                "protocol": {
                  "constant_value": "icmp"
                }
              },
              {
                "ports": {
                  "constant_value": [
                    "3320-3395",
                    "20"
                  ]
                },
                "protocol": {
                  "constant_value": "tcp"
                }
              }
            ],
            "name": {
              "constant_value": "invalid-rule-2"
            },
            "network": {
              "references": [
                "google_compute_network.default"
              ]
            },
            "source_ranges": {
              "constant_value": [
                "0.0.0.0/0"
              ]
            }
          },
          "schema_version": 1
        },
        {
          "address": "google_compute_firewall.valid-rule-1",
          "mode": "managed",
          "type": "google_compute_firewall",
          "name": "valid-rule-1",
          "provider_config_key": "google",
          "expressions": {
            "allow": [
              {
                "protocol": {
                  "constant_value": "icmp"
                }
              },
              {
                "ports": {
                  "constant_value": [
                    "80",
                    "8080",
                    "1000-2000"
                  ]
                },
                "protocol": {
                  "constant_value": "tcp"
                }
              }
            ],
            "name": {
              "constant_value": "valid-rule-1"
            },
            "network": {
              "references": [
                "google_compute_network.default"
              ]
            },
            "source_ranges": {
              "constant_value": [
                "0.0.0.0/0"
              ]
            },
            "source_tags": {
              "constant_value": [
                "web"
              ]
            }
          },
          "schema_version": 1
        },
        {
          "address": "google_compute_firewall.valid-rule-2",
          "mode": "managed",
          "type": "google_compute_firewall",
          "name": "valid-rule-2",
          "provider_config_key": "google",
          "expressions": {
            "allow": [
              {
                "ports": {
                  "constant_value": [
                    "3389"
                  ]
                },
                "protocol": {
                  "constant_value": "tcp"
                }
              }
            ],
            "name": {
              "constant_value": "valid-rule-2"
            },
            "network": {
              "references": [
                "google_compute_network.default"
              ]
            }
          },
          "schema_version": 1
        },
        {
          "address": "google_compute_network.default",
          "mode": "managed",
          "type": "google_compute_network",
          "name": "default",
          "provider_config_key": "google",
          "expressions": {
            "name": {
              "constant_value": "test-network"
            }
          },
          "schema_version": 0
        }
      ]
    }
  }
}
