{
  "format_version": "0.1",
  "terraform_version": "0.13.5",
  "planned_values": {
    "root_module": {
      "resources": [
        {
          "address": "aws_instance.invalid",
          "mode": "managed",
          "type": "aws_instance",
          "name": "invalid",
          "provider_name": "registry.terraform.io/hashicorp/aws",
          "schema_version": 1,
          "values": {
            "ami": "ami-0bac6fc47ad07c5f5",
            "credit_specification": [],
            "disable_api_termination": null,
            "ebs_optimized": null,
            "get_password_data": false,
            "hibernation": null,
            "iam_instance_profile": null,
            "instance_type": "t2.nano",
            "monitoring": null,
            "source_dest_check": true,
            "tags": null,
            "timeouts": null,
            "user_data": null,
            "user_data_base64": null,
            "volume_tags": null
          }
        },
        {
          "address": "aws_instance.valid_2xlarge",
          "mode": "managed",
          "type": "aws_instance",
          "name": "valid_2xlarge",
          "provider_name": "registry.terraform.io/hashicorp/aws",
          "schema_version": 1,
          "values": {
            "ami": "ami-0bac6fc47ad07c5f5",
            "credit_specification": [],
            "disable_api_termination": null,
            "ebs_optimized": null,
            "get_password_data": false,
            "hibernation": null,
            "iam_instance_profile": null,
            "instance_type": "t2.2xlarge",
            "monitoring": null,
            "source_dest_check": true,
            "tags": null,
            "timeouts": null,
            "user_data": null,
            "user_data_base64": null,
            "volume_tags": null
          }
        },
        {
          "address": "aws_instance.valid_large",
          "mode": "managed",
          "type": "aws_instance",
          "name": "valid_large",
          "provider_name": "registry.terraform.io/hashicorp/aws",
          "schema_version": 1,
          "values": {
            "ami": "ami-0bac6fc47ad07c5f5",
            "credit_specification": [],
            "disable_api_termination": null,
            "ebs_optimized": null,
            "get_password_data": false,
            "hibernation": null,
            "iam_instance_profile": null,
            "instance_type": "t2.large",
            "monitoring": null,
            "source_dest_check": true,
            "tags": null,
            "timeouts": null,
            "user_data": null,
            "user_data_base64": null,
            "volume_tags": null
          }
        },
        {
          "address": "aws_instance.valid_medium",
          "mode": "managed",
          "type": "aws_instance",
          "name": "valid_medium",
          "provider_name": "registry.terraform.io/hashicorp/aws",
          "schema_version": 1,
          "values": {
            "ami": "ami-0bac6fc47ad07c5f5",
            "credit_specification": [],
            "disable_api_termination": null,
            "ebs_optimized": null,
            "get_password_data": false,
            "hibernation": null,
            "iam_instance_profile": null,
            "instance_type": "t2.medium",
            "monitoring": null,
            "source_dest_check": true,
            "tags": null,
            "timeouts": null,
            "user_data": null,
            "user_data_base64": null,
            "volume_tags": null
          }
        },
        {
          "address": "aws_instance.valid_micro",
          "mode": "managed",
          "type": "aws_instance",
          "name": "valid_micro",
          "provider_name": "registry.terraform.io/hashicorp/aws",
          "schema_version": 1,
          "values": {
            "ami": "ami-0bac6fc47ad07c5f5",
            "credit_specification": [],
            "disable_api_termination": null,
            "ebs_optimized": null,
            "get_password_data": false,
            "hibernation": null,
            "iam_instance_profile": null,
            "instance_type": "t2.micro",
            "monitoring": null,
            "source_dest_check": true,
            "tags": null,
            "timeouts": null,
            "user_data": null,
            "user_data_base64": null,
            "volume_tags": null
          }
        },
        {
          "address": "aws_instance.valid_small",
          "mode": "managed",
          "type": "aws_instance",
          "name": "valid_small",
          "provider_name": "registry.terraform.io/hashicorp/aws",
          "schema_version": 1,
          "values": {
            "ami": "ami-0bac6fc47ad07c5f5",
            "credit_specification": [],
            "disable_api_termination": null,
            "ebs_optimized": null,
            "get_password_data": false,
            "hibernation": null,
            "iam_instance_profile": null,
            "instance_type": "t2.small",
            "monitoring": null,
            "source_dest_check": true,
            "tags": null,
            "timeouts": null,
            "user_data": null,
            "user_data_base64": null,
            "volume_tags": null
          }
        },
        {
          "address": "aws_instance.valid_xlarge",
          "mode": "managed",
          "type": "aws_instance",
          "name": "valid_xlarge",
          "provider_name": "registry.terraform.io/hashicorp/aws",
          "schema_version": 1,
          "values": {
            "ami": "ami-0bac6fc47ad07c5f5",
            "credit_specification": [],
            "disable_api_termination": null,
            "ebs_optimized": null,
            "get_password_data": false,
            "hibernation": null,
            "iam_instance_profile": null,
            "instance_type": "t2.xlarge",
            "monitoring": null,
            "source_dest_check": true,
            "tags": null,
            "timeouts": null,
            "user_data": null,
            "user_data_base64": null,
            "volume_tags": null
          }
        },
        {
          "address": "data.aws_ami.ubuntu",
          "mode": "data",
          "type": "aws_ami",
          "name": "ubuntu",
          "provider_name": "registry.terraform.io/hashicorp/aws",
          "schema_version": 0,
          "values": {
            "architecture": "x86_64",
            "arn": "arn:aws:ec2:us-west-2::image/ami-0bac6fc47ad07c5f5",
            "block_device_mappings": [
              {
                "device_name": "/dev/sda1",
                "ebs": {
                  "delete_on_termination": "true",
                  "encrypted": "false",
                  "iops": "0",
                  "snapshot_id": "snap-013fb4433bd2108c7",
                  "throughput": "0",
                  "volume_size": "8",
                  "volume_type": "gp2"
                },
                "no_device": "",
                "virtual_name": ""
              },
              {
                "device_name": "/dev/sdb",
                "ebs": {},
                "no_device": "",
                "virtual_name": "ephemeral0"
              },
              {
                "device_name": "/dev/sdc",
                "ebs": {},
                "no_device": "",
                "virtual_name": "ephemeral1"
              }
            ],
            "creation_date": "2019-11-11T13:13:47.000Z",
            "description": "Canonical, Ubuntu, 14.04 LTS, amd64 trusty image build on 2019-11-07",
            "ena_support": true,
            "executable_users": null,
            "filter": [
              {
                "name": "name",
                "values": [
                  "ubuntu/images/hvm-ssd/ubuntu-trusty-14.04-amd64-server-*"
                ]
              },
              {
                "name": "virtualization-type",
                "values": [
                  "hvm"
                ]
              }
            ],
            "hypervisor": "xen",
            "id": "ami-0bac6fc47ad07c5f5",
            "image_id": "ami-0bac6fc47ad07c5f5",
            "image_location": "099720109477/ubuntu/images/hvm-ssd/ubuntu-trusty-14.04-amd64-server-20191107",
            "image_owner_alias": null,
            "image_type": "machine",
            "kernel_id": null,
            "most_recent": true,
            "name": "ubuntu/images/hvm-ssd/ubuntu-trusty-14.04-amd64-server-20191107",
            "name_regex": null,
            "owner_id": "099720109477",
            "owners": [
              "099720109477"
            ],
            "platform": null,
            "platform_details": "Linux/UNIX",
            "product_codes": [],
            "public": true,
            "ramdisk_id": null,
            "root_device_name": "/dev/sda1",
            "root_device_type": "ebs",
            "root_snapshot_id": "snap-013fb4433bd2108c7",
            "sriov_net_support": "simple",
            "state": "available",
            "state_reason": {
              "code": "UNSET",
              "message": "UNSET"
            },
            "tags": {},
            "usage_operation": "RunInstances",
            "virtualization_type": "hvm"
          }
        }
      ]
    }
  },
  "resource_changes": [
    {
      "address": "aws_instance.invalid",
      "mode": "managed",
      "type": "aws_instance",
      "name": "invalid",
      "provider_name": "registry.terraform.io/hashicorp/aws",
      "change": {
        "actions": [
          "create"
        ],
        "before": null,
        "after": {
          "ami": "ami-0bac6fc47ad07c5f5",
          "credit_specification": [],
          "disable_api_termination": null,
          "ebs_optimized": null,
          "get_password_data": false,
          "hibernation": null,
          "iam_instance_profile": null,
          "instance_type": "t2.nano",
          "monitoring": null,
          "source_dest_check": true,
          "tags": null,
          "timeouts": null,
          "user_data": null,
          "user_data_base64": null,
          "volume_tags": null
        },
        "after_unknown": {
          "arn": true,
          "associate_public_ip_address": true,
          "availability_zone": true,
          "cpu_core_count": true,
          "cpu_threads_per_core": true,
          "credit_specification": [],
          "ebs_block_device": true,
          "enclave_options": true,
          "ephemeral_block_device": true,
          "host_id": true,
          "id": true,
          "instance_initiated_shutdown_behavior": true,
          "instance_state": true,
          "ipv6_address_count": true,
          "ipv6_addresses": true,
          "key_name": true,
          "metadata_options": true,
          "network_interface": true,
          "outpost_arn": true,
          "password_data": true,
          "placement_group": true,
          "primary_network_interface_id": true,
          "private_dns": true,
          "private_ip": true,
          "public_dns": true,
          "public_ip": true,
          "root_block_device": true,
          "secondary_private_ips": true,
          "security_groups": true,
          "subnet_id": true,
          "tags_all": true,
          "tenancy": true,
          "vpc_security_group_ids": true
        }
      }
    },
    {
      "address": "aws_instance.valid_2xlarge",
      "mode": "managed",
      "type": "aws_instance",
      "name": "valid_2xlarge",
      "provider_name": "registry.terraform.io/hashicorp/aws",
      "change": {
        "actions": [
          "create"
        ],
        "before": null,
        "after": {
          "ami": "ami-0bac6fc47ad07c5f5",
          "credit_specification": [],
          "disable_api_termination": null,
          "ebs_optimized": null,
          "get_password_data": false,
          "hibernation": null,
          "iam_instance_profile": null,
          "instance_type": "t2.2xlarge",
          "monitoring": null,
          "source_dest_check": true,
          "tags": null,
          "timeouts": null,
          "user_data": null,
          "user_data_base64": null,
          "volume_tags": null
        },
        "after_unknown": {
          "arn": true,
          "associate_public_ip_address": true,
          "availability_zone": true,
          "cpu_core_count": true,
          "cpu_threads_per_core": true,
          "credit_specification": [],
          "ebs_block_device": true,
          "enclave_options": true,
          "ephemeral_block_device": true,
          "host_id": true,
          "id": true,
          "instance_initiated_shutdown_behavior": true,
          "instance_state": true,
          "ipv6_address_count": true,
          "ipv6_addresses": true,
          "key_name": true,
          "metadata_options": true,
          "network_interface": true,
          "outpost_arn": true,
          "password_data": true,
          "placement_group": true,
          "primary_network_interface_id": true,
          "private_dns": true,
          "private_ip": true,
          "public_dns": true,
          "public_ip": true,
          "root_block_device": true,
          "secondary_private_ips": true,
          "security_groups": true,
          "subnet_id": true,
          "tags_all": true,
          "tenancy": true,
          "vpc_security_group_ids": true
        }
      }
    },
    {
      "address": "aws_instance.valid_large",
      "mode": "managed",
      "type": "aws_instance",
      "name": "valid_large",
      "provider_name": "registry.terraform.io/hashicorp/aws",
      "change": {
        "actions": [
          "create"
        ],
        "before": null,
        "after": {
          "ami": "ami-0bac6fc47ad07c5f5",
          "credit_specification": [],
          "disable_api_termination": null,
          "ebs_optimized": null,
          "get_password_data": false,
          "hibernation": null,
          "iam_instance_profile": null,
          "instance_type": "t2.large",
          "monitoring": null,
          "source_dest_check": true,
          "tags": null,
          "timeouts": null,
          "user_data": null,
          "user_data_base64": null,
          "volume_tags": null
        },
        "after_unknown": {
          "arn": true,
          "associate_public_ip_address": true,
          "availability_zone": true,
          "cpu_core_count": true,
          "cpu_threads_per_core": true,
          "credit_specification": [],
          "ebs_block_device": true,
          "enclave_options": true,
          "ephemeral_block_device": true,
          "host_id": true,
          "id": true,
          "instance_initiated_shutdown_behavior": true,
          "instance_state": true,
          "ipv6_address_count": true,
          "ipv6_addresses": true,
          "key_name": true,
          "metadata_options": true,
          "network_interface": true,
          "outpost_arn": true,
          "password_data": true,
          "placement_group": true,
          "primary_network_interface_id": true,
          "private_dns": true,
          "private_ip": true,
          "public_dns": true,
          "public_ip": true,
          "root_block_device": true,
          "secondary_private_ips": true,
          "security_groups": true,
          "subnet_id": true,
          "tags_all": true,
          "tenancy": true,
          "vpc_security_group_ids": true
        }
      }
    },
    {
      "address": "aws_instance.valid_medium",
      "mode": "managed",
      "type": "aws_instance",
      "name": "valid_medium",
      "provider_name": "registry.terraform.io/hashicorp/aws",
      "change": {
        "actions": [
          "create"
        ],
        "before": null,
        "after": {
          "ami": "ami-0bac6fc47ad07c5f5",
          "credit_specification": [],
          "disable_api_termination": null,
          "ebs_optimized": null,
          "get_password_data": false,
          "hibernation": null,
          "iam_instance_profile": null,
          "instance_type": "t2.medium",
          "monitoring": null,
          "source_dest_check": true,
          "tags": null,
          "timeouts": null,
          "user_data": null,
          "user_data_base64": null,
          "volume_tags": null
        },
        "after_unknown": {
          "arn": true,
          "associate_public_ip_address": true,
          "availability_zone": true,
          "cpu_core_count": true,
          "cpu_threads_per_core": true,
          "credit_specification": [],
          "ebs_block_device": true,
          "enclave_options": true,
          "ephemeral_block_device": true,
          "host_id": true,
          "id": true,
          "instance_initiated_shutdown_behavior": true,
          "instance_state": true,
          "ipv6_address_count": true,
          "ipv6_addresses": true,
          "key_name": true,
          "metadata_options": true,
          "network_interface": true,
          "outpost_arn": true,
          "password_data": true,
          "placement_group": true,
          "primary_network_interface_id": true,
          "private_dns": true,
          "private_ip": true,
          "public_dns": true,
          "public_ip": true,
          "root_block_device": true,
          "secondary_private_ips": true,
          "security_groups": true,
          "subnet_id": true,
          "tags_all": true,
          "tenancy": true,
          "vpc_security_group_ids": true
        }
      }
    },
    {
      "address": "aws_instance.valid_micro",
      "mode": "managed",
      "type": "aws_instance",
      "name": "valid_micro",
      "provider_name": "registry.terraform.io/hashicorp/aws",
      "change": {
        "actions": [
          "create"
        ],
        "before": null,
        "after": {
          "ami": "ami-0bac6fc47ad07c5f5",
          "credit_specification": [],
          "disable_api_termination": null,
          "ebs_optimized": null,
          "get_password_data": false,
          "hibernation": null,
          "iam_instance_profile": null,
          "instance_type": "t2.micro",
          "monitoring": null,
          "source_dest_check": true,
          "tags": null,
          "timeouts": null,
          "user_data": null,
          "user_data_base64": null,
          "volume_tags": null
        },
        "after_unknown": {
          "arn": true,
          "associate_public_ip_address": true,
          "availability_zone": true,
          "cpu_core_count": true,
          "cpu_threads_per_core": true,
          "credit_specification": [],
          "ebs_block_device": true,
          "enclave_options": true,
          "ephemeral_block_device": true,
          "host_id": true,
          "id": true,
          "instance_initiated_shutdown_behavior": true,
          "instance_state": true,
          "ipv6_address_count": true,
          "ipv6_addresses": true,
          "key_name": true,
          "metadata_options": true,
          "network_interface": true,
          "outpost_arn": true,
          "password_data": true,
          "placement_group": true,
          "primary_network_interface_id": true,
          "private_dns": true,
          "private_ip": true,
          "public_dns": true,
          "public_ip": true,
          "root_block_device": true,
          "secondary_private_ips": true,
          "security_groups": true,
          "subnet_id": true,
          "tags_all": true,
          "tenancy": true,
          "vpc_security_group_ids": true
        }
      }
    },
    {
      "address": "aws_instance.valid_small",
      "mode": "managed",
      "type": "aws_instance",
      "name": "valid_small",
      "provider_name": "registry.terraform.io/hashicorp/aws",
      "change": {
        "actions": [
          "create"
        ],
        "before": null,
        "after": {
          "ami": "ami-0bac6fc47ad07c5f5",
          "credit_specification": [],
          "disable_api_termination": null,
          "ebs_optimized": null,
          "get_password_data": false,
          "hibernation": null,
          "iam_instance_profile": null,
          "instance_type": "t2.small",
          "monitoring": null,
          "source_dest_check": true,
          "tags": null,
          "timeouts": null,
          "user_data": null,
          "user_data_base64": null,
          "volume_tags": null
        },
        "after_unknown": {
          "arn": true,
          "associate_public_ip_address": true,
          "availability_zone": true,
          "cpu_core_count": true,
          "cpu_threads_per_core": true,
          "credit_specification": [],
          "ebs_block_device": true,
          "enclave_options": true,
          "ephemeral_block_device": true,
          "host_id": true,
          "id": true,
          "instance_initiated_shutdown_behavior": true,
          "instance_state": true,
          "ipv6_address_count": true,
          "ipv6_addresses": true,
          "key_name": true,
          "metadata_options": true,
          "network_interface": true,
          "outpost_arn": true,
          "password_data": true,
          "placement_group": true,
          "primary_network_interface_id": true,
          "private_dns": true,
          "private_ip": true,
          "public_dns": true,
          "public_ip": true,
          "root_block_device": true,
          "secondary_private_ips": true,
          "security_groups": true,
          "subnet_id": true,
          "tags_all": true,
          "tenancy": true,
          "vpc_security_group_ids": true
        }
      }
    },
    {
      "address": "aws_instance.valid_xlarge",
      "mode": "managed",
      "type": "aws_instance",
      "name": "valid_xlarge",
      "provider_name": "registry.terraform.io/hashicorp/aws",
      "change": {
        "actions": [
          "create"
        ],
        "before": null,
        "after": {
          "ami": "ami-0bac6fc47ad07c5f5",
          "credit_specification": [],
          "disable_api_termination": null,
          "ebs_optimized": null,
          "get_password_data": false,
          "hibernation": null,
          "iam_instance_profile": null,
          "instance_type": "t2.xlarge",
          "monitoring": null,
          "source_dest_check": true,
          "tags": null,
          "timeouts": null,
          "user_data": null,
          "user_data_base64": null,
          "volume_tags": null
        },
        "after_unknown": {
          "arn": true,
          "associate_public_ip_address": true,
          "availability_zone": true,
          "cpu_core_count": true,
          "cpu_threads_per_core": true,
          "credit_specification": [],
          "ebs_block_device": true,
          "enclave_options": true,
          "ephemeral_block_device": true,
          "host_id": true,
          "id": true,
          "instance_initiated_shutdown_behavior": true,
          "instance_state": true,
          "ipv6_address_count": true,
          "ipv6_addresses": true,
          "key_name": true,
          "metadata_options": true,
          "network_interface": true,
          "outpost_arn": true,
          "password_data": true,
          "placement_group": true,
          "primary_network_interface_id": true,
          "private_dns": true,
          "private_ip": true,
          "public_dns": true,
          "public_ip": true,
          "root_block_device": true,
          "secondary_private_ips": true,
          "security_groups": true,
          "subnet_id": true,
          "tags_all": true,
          "tenancy": true,
          "vpc_security_group_ids": true
        }
      }
    },
    {
      "address": "data.aws_ami.ubuntu",
      "mode": "data",
      "type": "aws_ami",
      "name": "ubuntu",
      "provider_name": "registry.terraform.io/hashicorp/aws",
      "change": {
        "actions": [
          "read"
        ],
        "before": null,
        "after": {
          "architecture": "x86_64",
          "arn": "arn:aws:ec2:us-west-2::image/ami-0bac6fc47ad07c5f5",
          "block_device_mappings": [
            {
              "device_name": "/dev/sda1",
              "ebs": {
                "delete_on_termination": "true",
                "encrypted": "false",
                "iops": "0",
                "snapshot_id": "snap-013fb4433bd2108c7",
                "throughput": "0",
                "volume_size": "8",
                "volume_type": "gp2"
              },
              "no_device": "",
              "virtual_name": ""
            },
            {
              "device_name": "/dev/sdb",
              "ebs": {},
              "no_device": "",
              "virtual_name": "ephemeral0"
            },
            {
              "device_name": "/dev/sdc",
              "ebs": {},
              "no_device": "",
              "virtual_name": "ephemeral1"
            }
          ],
          "creation_date": "2019-11-11T13:13:47.000Z",
          "description": "Canonical, Ubuntu, 14.04 LTS, amd64 trusty image build on 2019-11-07",
          "ena_support": true,
          "executable_users": null,
          "filter": [
            {
              "name": "name",
              "values": [
                "ubuntu/images/hvm-ssd/ubuntu-trusty-14.04-amd64-server-*"
              ]
            },
            {
              "name": "virtualization-type",
              "values": [
                "hvm"
              ]
            }
          ],
          "hypervisor": "xen",
          "id": "ami-0bac6fc47ad07c5f5",
          "image_id": "ami-0bac6fc47ad07c5f5",
          "image_location": "099720109477/ubuntu/images/hvm-ssd/ubuntu-trusty-14.04-amd64-server-20191107",
          "image_owner_alias": null,
          "image_type": "machine",
          "kernel_id": null,
          "most_recent": true,
          "name": "ubuntu/images/hvm-ssd/ubuntu-trusty-14.04-amd64-server-20191107",
          "name_regex": null,
          "owner_id": "099720109477",
          "owners": [
            "099720109477"
          ],
          "platform": null,
          "platform_details": "Linux/UNIX",
          "product_codes": [],
          "public": true,
          "ramdisk_id": null,
          "root_device_name": "/dev/sda1",
          "root_device_type": "ebs",
          "root_snapshot_id": "snap-013fb4433bd2108c7",
          "sriov_net_support": "simple",
          "state": "available",
          "state_reason": {
            "code": "UNSET",
            "message": "UNSET"
          },
          "tags": {},
          "usage_operation": "RunInstances",
          "virtualization_type": "hvm"
        },
        "after_unknown": {}
      }
    }
  ],
  "configuration": {
    "provider_config": {
      "aws": {
        "name": "aws",
        "expressions": {
          "region": {
            "constant_value": "us-west-2"
          }
        }
      }
    },
    "root_module": {
      "resources": [
        {
          "address": "aws_instance.invalid",
          "mode": "managed",
          "type": "aws_instance",
          "name": "invalid",
          "provider_config_key": "aws",
          "expressions": {
            "ami": {
              "references": [
                "data.aws_ami.ubuntu"
              ]
            },
            "instance_type": {
              "constant_value": "t2.nano"
            }
          },
          "schema_version": 1
        },
        {
          "address": "aws_instance.valid_2xlarge",
          "mode": "managed",
          "type": "aws_instance",
          "name": "valid_2xlarge",
          "provider_config_key": "aws",
          "expressions": {
            "ami": {
              "references": [
                "data.aws_ami.ubuntu"
              ]
            },
            "instance_type": {
              "constant_value": "t2.2xlarge"
            }
          },
          "schema_version": 1
        },
        {
          "address": "aws_instance.valid_large",
          "mode": "managed",
          "type": "aws_instance",
          "name": "valid_large",
          "provider_config_key": "aws",
          "expressions": {
            "ami": {
              "references": [
                "data.aws_ami.ubuntu"
              ]
            },
            "instance_type": {
              "constant_value": "t2.large"
            }
          },
          "schema_version": 1
        },
        {
          "address": "aws_instance.valid_medium",
          "mode": "managed",
          "type": "aws_instance",
          "name": "valid_medium",
          "provider_config_key": "aws",
          "expressions": {
            "ami": {
              "references": [
                "data.aws_ami.ubuntu"
              ]
            },
            "instance_type": {
              "constant_value": "t2.medium"
            }
          },
          "schema_version": 1
        },
        {
          "address": "aws_instance.valid_micro",
          "mode": "managed",
          "type": "aws_instance",
          "name": "valid_micro",
          "provider_config_key": "aws",
          "expressions": {
            "ami": {
              "references": [
                "data.aws_ami.ubuntu"
              ]
            },
            "instance_type": {
              "constant_value": "t2.micro"
            }
          },
          "schema_version": 1
        },
        {
          "address": "aws_instance.valid_small",
          "mode": "managed",
          "type": "aws_instance",
          "name": "valid_small",
          "provider_config_key": "aws",
          "expressions": {
            "ami": {
              "references": [
                "data.aws_ami.ubuntu"
              ]
            },
            "instance_type": {
              "constant_value": "t2.small"
            }
          },
          "schema_version": 1
        },
        {
          "address": "aws_instance.valid_xlarge",
          "mode": "managed",
          "type": "aws_instance",
          "name": "valid_xlarge",
          "provider_config_key": "aws",
          "expressions": {
            "ami": {
              "references": [
                "data.aws_ami.ubuntu"
              ]
            },
            "instance_type": {
              "constant_value": "t2.xlarge"
            }
          },
          "schema_version": 1
        },
        {
          "address": "data.aws_ami.ubuntu",
          "mode": "data",
          "type": "aws_ami",
          "name": "ubuntu",
          "provider_config_key": "aws",
          "expressions": {
            "filter": [
              {
                "name": {
                  "constant_value": "name"
                },
                "values": {
                  "constant_value": [
                    "ubuntu/images/hvm-ssd/ubuntu-trusty-14.04-amd64-server-*"
                  ]
                }
              },
              {
                "name": {
                  "constant_value": "virtualization-type"
                },
                "values": {
                  "constant_value": [
                    "hvm"
                  ]
                }
              }
            ],
            "most_recent": {
              "constant_value": true
            },
            "owners": {
              "constant_value": [
                "099720109477"
              ]
            }
          },
          "schema_version": 0
        }
      ]
    }
  }
}
