{
  "format_version": "0.1",
  "terraform_version": "0.13.5",
  "planned_values": {
    "root_module": {
      "resources": [
        {
          "address": "azurerm_resource_group.example",
          "mode": "managed",
          "type": "azurerm_resource_group",
          "name": "example",
          "provider_name": "registry.terraform.io/hashicorp/azurerm",
          "schema_version": 0,
          "values": {
            "location": "westeurope",
            "name": "example-resources",
            "tags": null,
            "timeouts": null
          }
        },
        {
          "address": "azurerm_storage_account.invalidstorageaccount1",
          "mode": "managed",
          "type": "azurerm_storage_account",
          "name": "invalidstorageaccount1",
          "provider_name": "registry.terraform.io/hashicorp/azurerm",
          "schema_version": 2,
          "values": {
            "account_kind": "StorageV2",
            "account_replication_type": "LRS",
            "account_tier": "Standard",
            "allow_blob_public_access": false,
            "custom_domain": [],
            "enable_https_traffic_only": true,
            "is_hns_enabled": false,
            "location": "westeurope",
            "min_tls_version": "TLS1_0",
            "name": "invalidstorageaccount1",
            "network_rules": [
              {
                "default_action": "Allow"
              }
            ],
            "nfsv3_enabled": false,
            "resource_group_name": "example-resources",
            "static_website": [],
            "tags": null,
            "timeouts": null
          }
        },
        {
          "address": "azurerm_storage_account.invalidstorageaccount2",
          "mode": "managed",
          "type": "azurerm_storage_account",
          "name": "invalidstorageaccount2",
          "provider_name": "registry.terraform.io/hashicorp/azurerm",
          "schema_version": 2,
          "values": {
            "account_kind": "StorageV2",
            "account_replication_type": "LRS",
            "account_tier": "Standard",
            "allow_blob_public_access": false,
            "custom_domain": [],
            "enable_https_traffic_only": true,
            "is_hns_enabled": false,
            "location": "westeurope",
            "min_tls_version": "TLS1_0",
            "name": "invalidstorageaccount2",
            "network_rules": [
              {
                "bypass": [
                  "Logging",
                  "Metrics"
                ],
                "default_action": "Deny"
              }
            ],
            "nfsv3_enabled": false,
            "resource_group_name": "example-resources",
            "static_website": [],
            "tags": null,
            "timeouts": null
          }
        },
        {
          "address": "azurerm_storage_account.validstorageaccount1",
          "mode": "managed",
          "type": "azurerm_storage_account",
          "name": "validstorageaccount1",
          "provider_name": "registry.terraform.io/hashicorp/azurerm",
          "schema_version": 2,
          "values": {
            "account_kind": "StorageV2",
            "account_replication_type": "LRS",
            "account_tier": "Standard",
            "allow_blob_public_access": false,
            "custom_domain": [],
            "enable_https_traffic_only": true,
            "is_hns_enabled": false,
            "location": "westeurope",
            "min_tls_version": "TLS1_0",
            "name": "validstorageaccount1",
            "network_rules": [
              {
                "bypass": [
                  "AzureServices"
                ],
                "default_action": "Deny",
                "ip_rules": [
                  "100.0.0.1"
                ]
              }
            ],
            "nfsv3_enabled": false,
            "resource_group_name": "example-resources",
            "static_website": [],
            "tags": null,
            "timeouts": null
          }
        },
        {
          "address": "azurerm_storage_account.validstorageaccount2",
          "mode": "managed",
          "type": "azurerm_storage_account",
          "name": "validstorageaccount2",
          "provider_name": "registry.terraform.io/hashicorp/azurerm",
          "schema_version": 2,
          "values": {
            "account_kind": "StorageV2",
            "account_replication_type": "LRS",
            "account_tier": "Standard",
            "allow_blob_public_access": false,
            "custom_domain": [],
            "enable_https_traffic_only": true,
            "is_hns_enabled": false,
            "location": "westeurope",
            "min_tls_version": "TLS1_0",
            "name": "validstorageaccount2",
            "network_rules": [
              {
                "bypass": [
                  "AzureServices",
                  "Logging",
                  "Metrics"
                ],
                "default_action": "Deny"
              }
            ],
            "nfsv3_enabled": false,
            "resource_group_name": "example-resources",
            "static_website": [],
            "tags": null,
            "timeouts": null
          }
        },
        {
          "address": "azurerm_subnet.example",
          "mode": "managed",
          "type": "azurerm_subnet",
          "name": "example",
          "provider_name": "registry.terraform.io/hashicorp/azurerm",
          "schema_version": 0,
          "values": {
            "address_prefix": "10.0.2.0/24",
            "delegation": [],
            "enforce_private_link_endpoint_network_policies": false,
            "enforce_private_link_service_network_policies": false,
            "name": "subnetname",
            "resource_group_name": "example-resources",
            "service_endpoint_policy_ids": null,
            "service_endpoints": [
              "Microsoft.Sql",
              "Microsoft.Storage"
            ],
            "timeouts": null,
            "virtual_network_name": "virtnetname"
          }
        },
        {
          "address": "azurerm_virtual_network.example",
          "mode": "managed",
          "type": "azurerm_virtual_network",
          "name": "example",
          "provider_name": "registry.terraform.io/hashicorp/azurerm",
          "schema_version": 0,
          "values": {
            "address_space": [
              "10.0.0.0/16"
            ],
            "bgp_community": null,
            "ddos_protection_plan": [],
            "dns_servers": null,
            "location": "westeurope",
            "name": "virtnetname",
            "resource_group_name": "example-resources",
            "tags": null,
            "timeouts": null,
            "vm_protection_enabled": false
          }
        }
      ]
    }
  },
  "resource_changes": [
    {
      "address": "azurerm_resource_group.example",
      "mode": "managed",
      "type": "azurerm_resource_group",
      "name": "example",
      "provider_name": "registry.terraform.io/hashicorp/azurerm",
      "change": {
        "actions": [
          "create"
        ],
        "before": null,
        "after": {
          "location": "westeurope",
          "name": "example-resources",
          "tags": null,
          "timeouts": null
        },
        "after_unknown": {
          "id": true
        }
      }
    },
    {
      "address": "azurerm_storage_account.invalidstorageaccount1",
      "mode": "managed",
      "type": "azurerm_storage_account",
      "name": "invalidstorageaccount1",
      "provider_name": "registry.terraform.io/hashicorp/azurerm",
      "change": {
        "actions": [
          "create"
        ],
        "before": null,
        "after": {
          "account_kind": "StorageV2",
          "account_replication_type": "LRS",
          "account_tier": "Standard",
          "allow_blob_public_access": false,
          "custom_domain": [],
          "enable_https_traffic_only": true,
          "is_hns_enabled": false,
          "location": "westeurope",
          "min_tls_version": "TLS1_0",
          "name": "invalidstorageaccount1",
          "network_rules": [
            {
              "default_action": "Allow"
            }
          ],
          "nfsv3_enabled": false,
          "resource_group_name": "example-resources",
          "static_website": [],
          "tags": null,
          "timeouts": null
        },
        "after_unknown": {
          "access_tier": true,
          "blob_properties": true,
          "custom_domain": [],
          "id": true,
          "identity": true,
          "large_file_share_enabled": true,
          "network_rules": [
            {
              "bypass": true,
              "ip_rules": true,
              "virtual_network_subnet_ids": true
            }
          ],
          "primary_access_key": true,
          "primary_blob_connection_string": true,
          "primary_blob_endpoint": true,
          "primary_blob_host": true,
          "primary_connection_string": true,
          "primary_dfs_endpoint": true,
          "primary_dfs_host": true,
          "primary_file_endpoint": true,
          "primary_file_host": true,
          "primary_location": true,
          "primary_queue_endpoint": true,
          "primary_queue_host": true,
          "primary_table_endpoint": true,
          "primary_table_host": true,
          "primary_web_endpoint": true,
          "primary_web_host": true,
          "queue_properties": true,
          "secondary_access_key": true,
          "secondary_blob_connection_string": true,
          "secondary_blob_endpoint": true,
          "secondary_blob_host": true,
          "secondary_connection_string": true,
          "secondary_dfs_endpoint": true,
          "secondary_dfs_host": true,
          "secondary_file_endpoint": true,
          "secondary_file_host": true,
          "secondary_location": true,
          "secondary_queue_endpoint": true,
          "secondary_queue_host": true,
          "secondary_table_endpoint": true,
          "secondary_table_host": true,
          "secondary_web_endpoint": true,
          "secondary_web_host": true,
          "static_website": []
        }
      }
    },
    {
      "address": "azurerm_storage_account.invalidstorageaccount2",
      "mode": "managed",
      "type": "azurerm_storage_account",
      "name": "invalidstorageaccount2",
      "provider_name": "registry.terraform.io/hashicorp/azurerm",
      "change": {
        "actions": [
          "create"
        ],
        "before": null,
        "after": {
          "account_kind": "StorageV2",
          "account_replication_type": "LRS",
          "account_tier": "Standard",
          "allow_blob_public_access": false,
          "custom_domain": [],
          "enable_https_traffic_only": true,
          "is_hns_enabled": false,
          "location": "westeurope",
          "min_tls_version": "TLS1_0",
          "name": "invalidstorageaccount2",
          "network_rules": [
            {
              "bypass": [
                "Logging",
                "Metrics"
              ],
              "default_action": "Deny"
            }
          ],
          "nfsv3_enabled": false,
          "resource_group_name": "example-resources",
          "static_website": [],
          "tags": null,
          "timeouts": null
        },
        "after_unknown": {
          "access_tier": true,
          "blob_properties": true,
          "custom_domain": [],
          "id": true,
          "identity": true,
          "large_file_share_enabled": true,
          "network_rules": [
            {
              "bypass": [
                false,
                false
              ],
              "ip_rules": true,
              "virtual_network_subnet_ids": true
            }
          ],
          "primary_access_key": true,
          "primary_blob_connection_string": true,
          "primary_blob_endpoint": true,
          "primary_blob_host": true,
          "primary_connection_string": true,
          "primary_dfs_endpoint": true,
          "primary_dfs_host": true,
          "primary_file_endpoint": true,
          "primary_file_host": true,
          "primary_location": true,
          "primary_queue_endpoint": true,
          "primary_queue_host": true,
          "primary_table_endpoint": true,
          "primary_table_host": true,
          "primary_web_endpoint": true,
          "primary_web_host": true,
          "queue_properties": true,
          "secondary_access_key": true,
          "secondary_blob_connection_string": true,
          "secondary_blob_endpoint": true,
          "secondary_blob_host": true,
          "secondary_connection_string": true,
          "secondary_dfs_endpoint": true,
          "secondary_dfs_host": true,
          "secondary_file_endpoint": true,
          "secondary_file_host": true,
          "secondary_location": true,
          "secondary_queue_endpoint": true,
          "secondary_queue_host": true,
          "secondary_table_endpoint": true,
          "secondary_table_host": true,
          "secondary_web_endpoint": true,
          "secondary_web_host": true,
          "static_website": []
        }
      }
    },
    {
      "address": "azurerm_storage_account.validstorageaccount1",
      "mode": "managed",
      "type": "azurerm_storage_account",
      "name": "validstorageaccount1",
      "provider_name": "registry.terraform.io/hashicorp/azurerm",
      "change": {
        "actions": [
          "create"
        ],
        "before": null,
        "after": {
          "account_kind": "StorageV2",
          "account_replication_type": "LRS",
          "account_tier": "Standard",
          "allow_blob_public_access": false,
          "custom_domain": [],
          "enable_https_traffic_only": true,
          "is_hns_enabled": false,
          "location": "westeurope",
          "min_tls_version": "TLS1_0",
          "name": "validstorageaccount1",
          "network_rules": [
            {
              "bypass": [
                "AzureServices"
              ],
              "default_action": "Deny",
              "ip_rules": [
                "100.0.0.1"
              ]
            }
          ],
          "nfsv3_enabled": false,
          "resource_group_name": "example-resources",
          "static_website": [],
          "tags": null,
          "timeouts": null
        },
        "after_unknown": {
          "access_tier": true,
          "blob_properties": true,
          "custom_domain": [],
          "id": true,
          "identity": true,
          "large_file_share_enabled": true,
          "network_rules": [
            {
              "bypass": [
                false
              ],
              "ip_rules": [
                false
              ],
              "virtual_network_subnet_ids": true
            }
          ],
          "primary_access_key": true,
          "primary_blob_connection_string": true,
          "primary_blob_endpoint": true,
          "primary_blob_host": true,
          "primary_connection_string": true,
          "primary_dfs_endpoint": true,
          "primary_dfs_host": true,
          "primary_file_endpoint": true,
          "primary_file_host": true,
          "primary_location": true,
          "primary_queue_endpoint": true,
          "primary_queue_host": true,
          "primary_table_endpoint": true,
          "primary_table_host": true,
          "primary_web_endpoint": true,
          "primary_web_host": true,
          "queue_properties": true,
          "secondary_access_key": true,
          "secondary_blob_connection_string": true,
          "secondary_blob_endpoint": true,
          "secondary_blob_host": true,
          "secondary_connection_string": true,
          "secondary_dfs_endpoint": true,
          "secondary_dfs_host": true,
          "secondary_file_endpoint": true,
          "secondary_file_host": true,
          "secondary_location": true,
          "secondary_queue_endpoint": true,
          "secondary_queue_host": true,
          "secondary_table_endpoint": true,
          "secondary_table_host": true,
          "secondary_web_endpoint": true,
          "secondary_web_host": true,
          "static_website": []
        }
      }
    },
    {
      "address": "azurerm_storage_account.validstorageaccount2",
      "mode": "managed",
      "type": "azurerm_storage_account",
      "name": "validstorageaccount2",
      "provider_name": "registry.terraform.io/hashicorp/azurerm",
      "change": {
        "actions": [
          "create"
        ],
        "before": null,
        "after": {
          "account_kind": "StorageV2",
          "account_replication_type": "LRS",
          "account_tier": "Standard",
          "allow_blob_public_access": false,
          "custom_domain": [],
          "enable_https_traffic_only": true,
          "is_hns_enabled": false,
          "location": "westeurope",
          "min_tls_version": "TLS1_0",
          "name": "validstorageaccount2",
          "network_rules": [
            {
              "bypass": [
                "AzureServices",
                "Logging",
                "Metrics"
              ],
              "default_action": "Deny"
            }
          ],
          "nfsv3_enabled": false,
          "resource_group_name": "example-resources",
          "static_website": [],
          "tags": null,
          "timeouts": null
        },
        "after_unknown": {
          "access_tier": true,
          "blob_properties": true,
          "custom_domain": [],
          "id": true,
          "identity": true,
          "large_file_share_enabled": true,
          "network_rules": [
            {
              "bypass": [
                false,
                false,
                false
              ],
              "ip_rules": true,
              "virtual_network_subnet_ids": true
            }
          ],
          "primary_access_key": true,
          "primary_blob_connection_string": true,
          "primary_blob_endpoint": true,
          "primary_blob_host": true,
          "primary_connection_string": true,
          "primary_dfs_endpoint": true,
          "primary_dfs_host": true,
          "primary_file_endpoint": true,
          "primary_file_host": true,
          "primary_location": true,
          "primary_queue_endpoint": true,
          "primary_queue_host": true,
          "primary_table_endpoint": true,
          "primary_table_host": true,
          "primary_web_endpoint": true,
          "primary_web_host": true,
          "queue_properties": true,
          "secondary_access_key": true,
          "secondary_blob_connection_string": true,
          "secondary_blob_endpoint": true,
          "secondary_blob_host": true,
          "secondary_connection_string": true,
          "secondary_dfs_endpoint": true,
          "secondary_dfs_host": true,
          "secondary_file_endpoint": true,
          "secondary_file_host": true,
          "secondary_location": true,
          "secondary_queue_endpoint": true,
          "secondary_queue_host": true,
          "secondary_table_endpoint": true,
          "secondary_table_host": true,
          "secondary_web_endpoint": true,
          "secondary_web_host": true,
          "static_website": []
        }
      }
    },
    {
      "address": "azurerm_subnet.example",
      "mode": "managed",
      "type": "azurerm_subnet",
      "name": "example",
      "provider_name": "registry.terraform.io/hashicorp/azurerm",
      "change": {
        "actions": [
          "create"
        ],
        "before": null,
        "after": {
          "address_prefix": "10.0.2.0/24",
          "delegation": [],
          "enforce_private_link_endpoint_network_policies": false,
          "enforce_private_link_service_network_policies": false,
          "name": "subnetname",
          "resource_group_name": "example-resources",
          "service_endpoint_policy_ids": null,
          "service_endpoints": [
            "Microsoft.Sql",
            "Microsoft.Storage"
          ],
          "timeouts": null,
          "virtual_network_name": "virtnetname"
        },
        "after_unknown": {
          "address_prefixes": true,
          "delegation": [],
          "id": true,
          "service_endpoints": [
            false,
            false
          ]
        }
      }
    },
    {
      "address": "azurerm_virtual_network.example",
      "mode": "managed",
      "type": "azurerm_virtual_network",
      "name": "example",
      "provider_name": "registry.terraform.io/hashicorp/azurerm",
      "change": {
        "actions": [
          "create"
        ],
        "before": null,
        "after": {
          "address_space": [
            "10.0.0.0/16"
          ],
          "bgp_community": null,
          "ddos_protection_plan": [],
          "dns_servers": null,
          "location": "westeurope",
          "name": "virtnetname",
          "resource_group_name": "example-resources",
          "tags": null,
          "timeouts": null,
          "vm_protection_enabled": false
        },
        "after_unknown": {
          "address_space": [
            false
          ],
          "ddos_protection_plan": [],
          "guid": true,
          "id": true,
          "subnet": true
        }
      }
    }
  ],
  "configuration": {
    "provider_config": {
      "azurerm": {
        "name": "azurerm",
        "expressions": {
          "features": [
            {}
          ]
        }
      }
    },
    "root_module": {
      "resources": [
        {
          "address": "azurerm_resource_group.example",
          "mode": "managed",
          "type": "azurerm_resource_group",
          "name": "example",
          "provider_config_key": "azurerm",
          "expressions": {
            "location": {
              "constant_value": "West Europe"
            },
            "name": {
              "constant_value": "example-resources"
            }
          },
          "schema_version": 0
        },
        {
          "address": "azurerm_storage_account.invalidstorageaccount1",
          "mode": "managed",
          "type": "azurerm_storage_account",
          "name": "invalidstorageaccount1",
          "provider_config_key": "azurerm",
          "expressions": {
            "account_replication_type": {
              "constant_value": "LRS"
            },
            "account_tier": {
              "constant_value": "Standard"
            },
            "location": {
              "references": [
                "azurerm_resource_group.example"
              ]
            },
            "name": {
              "constant_value": "invalidstorageaccount1"
            },
            "network_rules": [
              {
                "default_action": {
                  "constant_value": "Allow"
                }
              }
            ],
            "resource_group_name": {
              "references": [
                "azurerm_resource_group.example"
              ]
            }
          },
          "schema_version": 2
        },
        {
          "address": "azurerm_storage_account.invalidstorageaccount2",
          "mode": "managed",
          "type": "azurerm_storage_account",
          "name": "invalidstorageaccount2",
          "provider_config_key": "azurerm",
          "expressions": {
            "account_replication_type": {
              "constant_value": "LRS"
            },
            "account_tier": {
              "constant_value": "Standard"
            },
            "location": {
              "references": [
                "azurerm_resource_group.example"
              ]
            },
            "name": {
              "constant_value": "invalidstorageaccount2"
            },
            "network_rules": [
              {
                "bypass": {
                  "constant_value": [
                    "Logging",
                    "Metrics"
                  ]
                },
                "default_action": {
                  "constant_value": "Deny"
                }
              }
            ],
            "resource_group_name": {
              "references": [
                "azurerm_resource_group.example"
              ]
            }
          },
          "schema_version": 2
        },
        {
          "address": "azurerm_storage_account.validstorageaccount1",
          "mode": "managed",
          "type": "azurerm_storage_account",
          "name": "validstorageaccount1",
          "provider_config_key": "azurerm",
          "expressions": {
            "account_replication_type": {
              "constant_value": "LRS"
            },
            "account_tier": {
              "constant_value": "Standard"
            },
            "enable_https_traffic_only": {
              "constant_value": true
            },
            "location": {
              "references": [
                "azurerm_resource_group.example"
              ]
            },
            "name": {
              "constant_value": "validstorageaccount1"
            },
            "network_rules": [
              {
                "bypass": {
                  "constant_value": [
                    "AzureServices"
                  ]
                },
                "default_action": {
                  "constant_value": "Deny"
                },
                "ip_rules": {
                  "constant_value": [
                    "100.0.0.1"
                  ]
                },
                "virtual_network_subnet_ids": {
                  "references": [
                    "azurerm_subnet.example"
                  ]
                }
              }
            ],
            "resource_group_name": {
              "references": [
                "azurerm_resource_group.example"
              ]
            }
          },
          "schema_version": 2
        },
        {
          "address": "azurerm_storage_account.validstorageaccount2",
          "mode": "managed",
          "type": "azurerm_storage_account",
          "name": "validstorageaccount2",
          "provider_config_key": "azurerm",
          "expressions": {
            "account_replication_type": {
              "constant_value": "LRS"
            },
            "account_tier": {
              "constant_value": "Standard"
            },
            "enable_https_traffic_only": {
              "constant_value": true
            },
            "location": {
              "references": [
                "azurerm_resource_group.example"
              ]
            },
            "name": {
              "constant_value": "validstorageaccount2"
            },
            "network_rules": [
              {
                "bypass": {
                  "constant_value": [
                    "Logging",
                    "Metrics",
                    "AzureServices"
                  ]
                },
                "default_action": {
                  "constant_value": "Deny"
                }
              }
            ],
            "resource_group_name": {
              "references": [
                "azurerm_resource_group.example"
              ]
            }
          },
          "schema_version": 2
        },
        {
          "address": "azurerm_subnet.example",
          "mode": "managed",
          "type": "azurerm_subnet",
          "name": "example",
          "provider_config_key": "azurerm",
          "expressions": {
            "address_prefix": {
              "constant_value": "10.0.2.0/24"
            },
            "name": {
              "constant_value": "subnetname"
            },
            "resource_group_name": {
              "references": [
                "azurerm_resource_group.example"
              ]
            },
            "service_endpoints": {
              "constant_value": [
                "Microsoft.Sql",
                "Microsoft.Storage"
              ]
            },
            "virtual_network_name": {
              "references": [
                "azurerm_virtual_network.example"
              ]
            }
          },
          "schema_version": 0
        },
        {
          "address": "azurerm_virtual_network.example",
          "mode": "managed",
          "type": "azurerm_virtual_network",
          "name": "example",
          "provider_config_key": "azurerm",
          "expressions": {
            "address_space": {
              "constant_value": [
                "10.0.0.0/16"
              ]
            },
            "location": {
              "references": [
                "azurerm_resource_group.example"
              ]
            },
            "name": {
              "constant_value": "virtnetname"
            },
            "resource_group_name": {
              "references": [
                "azurerm_resource_group.example"
              ]
            }
          },
          "schema_version": 0
        }
      ]
    }
  }
}
