{
  "format_version": "0.1",
  "terraform_version": "0.13.5",
  "planned_values": {
    "root_module": {
      "resources": [
        {
          "address": "aws_s3_bucket.example",
          "mode": "managed",
          "type": "aws_s3_bucket",
          "name": "example",
          "provider_name": "registry.terraform.io/hashicorp/aws",
          "schema_version": 0,
          "values": {
            "acl": "private",
            "bucket_prefix": "example",
            "cors_rule": [],
            "force_destroy": false,
            "grant": [],
            "lifecycle_rule": [],
            "logging": [],
            "object_lock_configuration": [],
            "policy": null,
            "replication_configuration": [],
            "server_side_encryption_configuration": [],
            "tags": null,
            "website": []
          }
        }
      ]
    }
  },
  "resource_changes": [
    {
      "address": "aws_s3_bucket.example",
      "mode": "managed",
      "type": "aws_s3_bucket",
      "name": "example",
      "provider_name": "registry.terraform.io/hashicorp/aws",
      "change": {
        "actions": [
          "create"
        ],
        "before": null,
        "after": {
          "acl": "private",
          "bucket_prefix": "example",
          "cors_rule": [],
          "force_destroy": false,
          "grant": [],
          "lifecycle_rule": [],
          "logging": [],
          "object_lock_configuration": [],
          "policy": null,
          "replication_configuration": [],
          "server_side_encryption_configuration": [],
          "tags": null,
          "website": []
        },
        "after_unknown": {
          "acceleration_status": true,
          "arn": true,
          "bucket": true,
          "bucket_domain_name": true,
          "bucket_regional_domain_name": true,
          "cors_rule": [],
          "grant": [],
          "hosted_zone_id": true,
          "id": true,
          "lifecycle_rule": [],
          "logging": [],
          "object_lock_configuration": [],
          "region": true,
          "replication_configuration": [],
          "request_payer": true,
          "server_side_encryption_configuration": [],
          "tags_all": true,
          "versioning": true,
          "website": [],
          "website_domain": true,
          "website_endpoint": true
        }
      }
    }
  ],
  "configuration": {
    "provider_config": {
      "aws": {
        "name": "aws",
        "expressions": {
          "region": {
            "constant_value": "us-west-2"
          }
        }
      }
    },
    "root_module": {
      "resources": [
        {
          "address": "aws_s3_bucket.example",
          "mode": "managed",
          "type": "aws_s3_bucket",
          "name": "example",
          "provider_config_key": "aws",
          "expressions": {
            "bucket_prefix": {
              "constant_value": "example"
            }
          },
          "schema_version": 0
        }
      ]
    }
  }
}
