{
  "format_version": "0.1",
  "terraform_version": "0.13.7",
  "planned_values": {
    "root_module": {
      "resources": [
        {
          "address": "aws_autoscaling_group.example",
          "mode": "managed",
          "type": "aws_autoscaling_group",
          "name": "example",
          "provider_name": "registry.terraform.io/hashicorp/aws",
          "schema_version": 0,
          "values": {
            "availability_zones": [
              "us-east-1a"
            ],
            "capacity_rebalance": null,
            "desired_capacity": 1,
            "enabled_metrics": null,
            "force_delete": false,
            "force_delete_warm_pool": false,
            "health_check_grace_period": 300,
            "initial_lifecycle_hook": [],
            "instance_refresh": [],
            "launch_configuration": null,
            "launch_template": [
              {
                "version": "$Latest"
              }
            ],
            "load_balancers": null,
            "max_instance_lifetime": null,
            "max_size": 1,
            "metrics_granularity": "1Minute",
            "min_elb_capacity": null,
            "min_size": 1,
            "mixed_instances_policy": [],
            "placement_group": null,
            "protect_from_scale_in": false,
            "suspended_processes": null,
            "tag": [
              {
                "key": "Stage",
                "propagate_at_launch": true,
                "value": "Dev"
              }
            ],
            "tags": null,
            "target_group_arns": null,
            "termination_policies": null,
            "timeouts": null,
            "wait_for_capacity_timeout": "10m",
            "wait_for_elb_capacity": null,
            "warm_pool": []
          }
        },
        {
          "address": "aws_launch_template.example",
          "mode": "managed",
          "type": "aws_launch_template",
          "name": "example",
          "provider_name": "registry.terraform.io/hashicorp/aws",
          "schema_version": 0,
          "values": {
            "block_device_mappings": [],
            "capacity_reservation_specification": [],
            "cpu_options": [],
            "credit_specification": [],
            "description": null,
            "disable_api_termination": null,
            "ebs_optimized": null,
            "elastic_gpu_specifications": [],
            "elastic_inference_accelerator": [],
            "enclave_options": [],
            "hibernation_options": [],
            "iam_instance_profile": [],
            "image_id": "ami-1a2b3c",
            "instance_initiated_shutdown_behavior": null,
            "instance_market_options": [],
            "instance_type": "t2.micro",
            "kernel_id": null,
            "key_name": null,
            "license_specification": [],
            "monitoring": [],
            "name_prefix": "example",
            "network_interfaces": [],
            "placement": [],
            "ram_disk_id": null,
            "security_group_names": null,
            "tag_specifications": [],
            "tags": null,
            "update_default_version": null,
            "user_data": null,
            "vpc_security_group_ids": null
          }
        },
        {
          "address": "aws_s3_bucket.example",
          "mode": "managed",
          "type": "aws_s3_bucket",
          "name": "example",
          "provider_name": "registry.terraform.io/hashicorp/aws",
          "schema_version": 0,
          "values": {
            "bucket_prefix": "example",
            "force_destroy": false,
            "tags": {
              "Stage": "Prod"
            },
            "tags_all": {
              "Stage": "Prod"
            }
          }
        }
      ]
    }
  },
  "resource_changes": [
    {
      "address": "aws_autoscaling_group.example",
      "mode": "managed",
      "type": "aws_autoscaling_group",
      "name": "example",
      "provider_name": "registry.terraform.io/hashicorp/aws",
      "change": {
        "actions": [
          "create"
        ],
        "before": null,
        "after": {
          "availability_zones": [
            "us-east-1a"
          ],
          "capacity_rebalance": null,
          "desired_capacity": 1,
          "enabled_metrics": null,
          "force_delete": false,
          "force_delete_warm_pool": false,
          "health_check_grace_period": 300,
          "initial_lifecycle_hook": [],
          "instance_refresh": [],
          "launch_configuration": null,
          "launch_template": [
            {
              "version": "$Latest"
            }
          ],
          "load_balancers": null,
          "max_instance_lifetime": null,
          "max_size": 1,
          "metrics_granularity": "1Minute",
          "min_elb_capacity": null,
          "min_size": 1,
          "mixed_instances_policy": [],
          "placement_group": null,
          "protect_from_scale_in": false,
          "suspended_processes": null,
          "tag": [
            {
              "key": "Stage",
              "propagate_at_launch": true,
              "value": "Dev"
            }
          ],
          "tags": null,
          "target_group_arns": null,
          "termination_policies": null,
          "timeouts": null,
          "wait_for_capacity_timeout": "10m",
          "wait_for_elb_capacity": null,
          "warm_pool": []
        },
        "after_unknown": {
          "arn": true,
          "availability_zones": [
            false
          ],
          "default_cooldown": true,
          "health_check_type": true,
          "id": true,
          "initial_lifecycle_hook": [],
          "instance_refresh": [],
          "launch_template": [
            {
              "id": true,
              "name": true
            }
          ],
          "mixed_instances_policy": [],
          "name": true,
          "name_prefix": true,
          "service_linked_role_arn": true,
          "tag": [
            {}
          ],
          "vpc_zone_identifier": true,
          "warm_pool": []
        }
      }
    },
    {
      "address": "aws_launch_template.example",
      "mode": "managed",
      "type": "aws_launch_template",
      "name": "example",
      "provider_name": "registry.terraform.io/hashicorp/aws",
      "change": {
        "actions": [
          "create"
        ],
        "before": null,
        "after": {
          "block_device_mappings": [],
          "capacity_reservation_specification": [],
          "cpu_options": [],
          "credit_specification": [],
          "description": null,
          "disable_api_termination": null,
          "ebs_optimized": null,
          "elastic_gpu_specifications": [],
          "elastic_inference_accelerator": [],
          "enclave_options": [],
          "hibernation_options": [],
          "iam_instance_profile": [],
          "image_id": "ami-1a2b3c",
          "instance_initiated_shutdown_behavior": null,
          "instance_market_options": [],
          "instance_type": "t2.micro",
          "kernel_id": null,
          "key_name": null,
          "license_specification": [],
          "monitoring": [],
          "name_prefix": "example",
          "network_interfaces": [],
          "placement": [],
          "ram_disk_id": null,
          "security_group_names": null,
          "tag_specifications": [],
          "tags": null,
          "update_default_version": null,
          "user_data": null,
          "vpc_security_group_ids": null
        },
        "after_unknown": {
          "arn": true,
          "block_device_mappings": [],
          "capacity_reservation_specification": [],
          "cpu_options": [],
          "credit_specification": [],
          "default_version": true,
          "elastic_gpu_specifications": [],
          "elastic_inference_accelerator": [],
          "enclave_options": [],
          "hibernation_options": [],
          "iam_instance_profile": [],
          "id": true,
          "instance_market_options": [],
          "latest_version": true,
          "license_specification": [],
          "metadata_options": true,
          "monitoring": [],
          "name": true,
          "network_interfaces": [],
          "placement": [],
          "tag_specifications": [],
          "tags_all": true
        }
      }
    },
    {
      "address": "aws_s3_bucket.example",
      "mode": "managed",
      "type": "aws_s3_bucket",
      "name": "example",
      "provider_name": "registry.terraform.io/hashicorp/aws",
      "change": {
        "actions": [
          "create"
        ],
        "before": null,
        "after": {
          "bucket_prefix": "example",
          "force_destroy": false,
          "tags": {
            "Stage": "Prod"
          },
          "tags_all": {
            "Stage": "Prod"
          }
        },
        "after_unknown": {
          "acceleration_status": true,
          "acl": true,
          "arn": true,
          "bucket": true,
          "bucket_domain_name": true,
          "bucket_regional_domain_name": true,
          "cors_rule": true,
          "grant": true,
          "hosted_zone_id": true,
          "id": true,
          "lifecycle_rule": true,
          "logging": true,
          "object_lock_configuration": true,
          "policy": true,
          "region": true,
          "replication_configuration": true,
          "request_payer": true,
          "server_side_encryption_configuration": true,
          "tags": {},
          "tags_all": {},
          "versioning": true,
          "website": true,
          "website_domain": true,
          "website_endpoint": true
        }
      }
    }
  ],
  "configuration": {
    "provider_config": {
      "aws": {
        "name": "aws",
        "expressions": {
          "region": {
            "constant_value": "us-west-2"
          }
        }
      }
    },
    "root_module": {
      "resources": [
        {
          "address": "aws_autoscaling_group.example",
          "mode": "managed",
          "type": "aws_autoscaling_group",
          "name": "example",
          "provider_config_key": "aws",
          "expressions": {
            "availability_zones": {
              "constant_value": [
                "us-east-1a"
              ]
            },
            "desired_capacity": {
              "constant_value": 1
            },
            "launch_template": [
              {
                "id": {
                  "references": [
                    "aws_launch_template.example"
                  ]
                },
                "version": {
                  "constant_value": "$Latest"
                }
              }
            ],
            "max_size": {
              "constant_value": 1
            },
            "min_size": {
              "constant_value": 1
            },
            "tag": [
              {
                "key": {
                  "constant_value": "Stage"
                },
                "propagate_at_launch": {
                  "constant_value": true
                },
                "value": {
                  "constant_value": "Dev"
                }
              }
            ]
          },
          "schema_version": 0
        },
        {
          "address": "aws_launch_template.example",
          "mode": "managed",
          "type": "aws_launch_template",
          "name": "example",
          "provider_config_key": "aws",
          "expressions": {
            "image_id": {
              "constant_value": "ami-1a2b3c"
            },
            "instance_type": {
              "constant_value": "t2.micro"
            },
            "name_prefix": {
              "constant_value": "example"
            }
          },
          "schema_version": 0
        },
        {
          "address": "aws_s3_bucket.example",
          "mode": "managed",
          "type": "aws_s3_bucket",
          "name": "example",
          "provider_config_key": "aws",
          "expressions": {
            "bucket_prefix": {
              "constant_value": "example"
            },
            "tags": {
              "constant_value": {
                "Stage": "Prod"
              }
            }
          },
          "schema_version": 0
        }
      ]
    }
  }
}
