{
  "format_version": "0.1",
  "terraform_version": "0.13.5",
  "planned_values": {
    "root_module": {
      "resources": [
        {
          "address": "aws_s3_bucket.example",
          "mode": "managed",
          "type": "aws_s3_bucket",
          "name": "example",
          "provider_name": "registry.terraform.io/hashicorp/aws",
          "schema_version": 0,
          "values": {
            "acl": "private",
            "bucket_prefix": "example",
            "cors_rule": [],
            "force_destroy": false,
            "grant": [],
            "lifecycle_rule": [],
            "logging": [],
            "object_lock_configuration": [],
            "policy": null,
            "replication_configuration": [],
            "server_side_encryption_configuration": [],
            "tags": null,
            "website": []
          }
        },
        {
          "address": "aws_s3_bucket_policy.example",
          "mode": "managed",
          "type": "aws_s3_bucket_policy",
          "name": "example",
          "provider_name": "registry.terraform.io/hashicorp/aws",
          "schema_version": 0
        },
        {
          "address": "data.aws_iam_policy_document.example",
          "mode": "data",
          "type": "aws_iam_policy_document",
          "name": "example",
          "provider_name": "registry.terraform.io/hashicorp/aws",
          "schema_version": 0,
          "values": {
            "override_json": null,
            "override_policy_documents": null,
            "policy_id": null,
            "source_json": null,
            "source_policy_documents": null,
            "statement": [
              {
                "actions": [
                  "s3:*"
                ],
                "condition": [],
                "effect": "Allow",
                "not_actions": null,
                "not_principals": [],
                "not_resources": null,
                "principals": [
                  {
                    "identifiers": [
                      "*"
                    ],
                    "type": "*"
                  }
                ],
                "resources": [],
                "sid": null
              }
            ],
            "version": null
          }
        }
      ]
    }
  },
  "resource_changes": [
    {
      "address": "aws_s3_bucket.example",
      "mode": "managed",
      "type": "aws_s3_bucket",
      "name": "example",
      "provider_name": "registry.terraform.io/hashicorp/aws",
      "change": {
        "actions": [
          "create"
        ],
        "before": null,
        "after": {
          "acl": "private",
          "bucket_prefix": "example",
          "cors_rule": [],
          "force_destroy": false,
          "grant": [],
          "lifecycle_rule": [],
          "logging": [],
          "object_lock_configuration": [],
          "policy": null,
          "replication_configuration": [],
          "server_side_encryption_configuration": [],
          "tags": null,
          "website": []
        },
        "after_unknown": {
          "acceleration_status": true,
          "arn": true,
          "bucket": true,
          "bucket_domain_name": true,
          "bucket_regional_domain_name": true,
          "cors_rule": [],
          "grant": [],
          "hosted_zone_id": true,
          "id": true,
          "lifecycle_rule": [],
          "logging": [],
          "object_lock_configuration": [],
          "region": true,
          "replication_configuration": [],
          "request_payer": true,
          "server_side_encryption_configuration": [],
          "tags_all": true,
          "versioning": true,
          "website": [],
          "website_domain": true,
          "website_endpoint": true
        }
      }
    },
    {
      "address": "aws_s3_bucket_policy.example",
      "mode": "managed",
      "type": "aws_s3_bucket_policy",
      "name": "example",
      "provider_name": "registry.terraform.io/hashicorp/aws",
      "change": {
        "actions": [
          "create"
        ],
        "before": null,
        "after": {},
        "after_unknown": {
          "bucket": true,
          "id": true,
          "policy": true
        }
      }
    },
    {
      "address": "data.aws_iam_policy_document.example",
      "mode": "data",
      "type": "aws_iam_policy_document",
      "name": "example",
      "provider_name": "registry.terraform.io/hashicorp/aws",
      "change": {
        "actions": [
          "read"
        ],
        "before": null,
        "after": {
          "override_json": null,
          "override_policy_documents": null,
          "policy_id": null,
          "source_json": null,
          "source_policy_documents": null,
          "statement": [
            {
              "actions": [
                "s3:*"
              ],
              "condition": [],
              "effect": "Allow",
              "not_actions": null,
              "not_principals": [],
              "not_resources": null,
              "principals": [
                {
                  "identifiers": [
                    "*"
                  ],
                  "type": "*"
                }
              ],
              "resources": [],
              "sid": null
            }
          ],
          "version": null
        },
        "after_unknown": {
          "id": true,
          "json": true,
          "statement": [
            {
              "actions": [
                false
              ],
              "condition": [],
              "not_principals": [],
              "principals": [
                {
                  "identifiers": [
                    false
                  ]
                }
              ],
              "resources": [
                true
              ]
            }
          ]
        }
      }
    }
  ],
  "configuration": {
    "provider_config": {
      "aws": {
        "name": "aws",
        "expressions": {
          "region": {
            "constant_value": "us-west-2"
          }
        }
      }
    },
    "root_module": {
      "resources": [
        {
          "address": "aws_s3_bucket.example",
          "mode": "managed",
          "type": "aws_s3_bucket",
          "name": "example",
          "provider_config_key": "aws",
          "expressions": {
            "bucket_prefix": {
              "constant_value": "example"
            }
          },
          "schema_version": 0
        },
        {
          "address": "aws_s3_bucket_policy.example",
          "mode": "managed",
          "type": "aws_s3_bucket_policy",
          "name": "example",
          "provider_config_key": "aws",
          "expressions": {
            "bucket": {
              "references": [
                "aws_s3_bucket.example"
              ]
            },
            "policy": {
              "references": [
                "data.aws_iam_policy_document.example"
              ]
            }
          },
          "schema_version": 0
        },
        {
          "address": "data.aws_iam_policy_document.example",
          "mode": "data",
          "type": "aws_iam_policy_document",
          "name": "example",
          "provider_config_key": "aws",
          "expressions": {
            "statement": [
              {
                "actions": {
                  "constant_value": [
                    "s3:*"
                  ]
                },
                "effect": {
                  "constant_value": "Allow"
                },
                "principals": [
                  {
                    "identifiers": {
                      "constant_value": [
                        "*"
                      ]
                    },
                    "type": {
                      "constant_value": "*"
                    }
                  }
                ],
                "resources": {
                  "references": [
                    "aws_s3_bucket.example"
                  ]
                }
              }
            ]
          },
          "schema_version": 0
        }
      ]
    }
  }
}
