{
  "format_version": "0.1",
  "terraform_version": "0.13.5",
  "planned_values": {
    "root_module": {
      "resources": [
        {
          "address": "aws_ebs_volume.bad",
          "mode": "managed",
          "type": "aws_ebs_volume",
          "name": "bad",
          "provider_name": "registry.terraform.io/hashicorp/aws",
          "schema_version": 0,
          "values": {
            "availability_zone": "us-west-2a",
            "encrypted": false,
            "multi_attach_enabled": null,
            "outpost_arn": null,
            "size": 40,
            "tags": null
          }
        },
        {
          "address": "aws_ebs_volume.good",
          "mode": "managed",
          "type": "aws_ebs_volume",
          "name": "good",
          "provider_name": "registry.terraform.io/hashicorp/aws",
          "schema_version": 0,
          "values": {
            "availability_zone": "us-west-2a",
            "encrypted": true,
            "multi_attach_enabled": null,
            "outpost_arn": null,
            "size": 40,
            "tags": null
          }
        },
        {
          "address": "aws_ebs_volume.missing",
          "mode": "managed",
          "type": "aws_ebs_volume",
          "name": "missing",
          "provider_name": "registry.terraform.io/hashicorp/aws",
          "schema_version": 0,
          "values": {
            "availability_zone": "us-west-2a",
            "multi_attach_enabled": null,
            "outpost_arn": null,
            "size": 40,
            "tags": null
          }
        }
      ]
    }
  },
  "resource_changes": [
    {
      "address": "aws_ebs_volume.bad",
      "mode": "managed",
      "type": "aws_ebs_volume",
      "name": "bad",
      "provider_name": "registry.terraform.io/hashicorp/aws",
      "change": {
        "actions": [
          "create"
        ],
        "before": null,
        "after": {
          "availability_zone": "us-west-2a",
          "encrypted": false,
          "multi_attach_enabled": null,
          "outpost_arn": null,
          "size": 40,
          "tags": null
        },
        "after_unknown": {
          "arn": true,
          "id": true,
          "iops": true,
          "kms_key_id": true,
          "snapshot_id": true,
          "tags_all": true,
          "throughput": true,
          "type": true
        }
      }
    },
    {
      "address": "aws_ebs_volume.good",
      "mode": "managed",
      "type": "aws_ebs_volume",
      "name": "good",
      "provider_name": "registry.terraform.io/hashicorp/aws",
      "change": {
        "actions": [
          "create"
        ],
        "before": null,
        "after": {
          "availability_zone": "us-west-2a",
          "encrypted": true,
          "multi_attach_enabled": null,
          "outpost_arn": null,
          "size": 40,
          "tags": null
        },
        "after_unknown": {
          "arn": true,
          "id": true,
          "iops": true,
          "kms_key_id": true,
          "snapshot_id": true,
          "tags_all": true,
          "throughput": true,
          "type": true
        }
      }
    },
    {
      "address": "aws_ebs_volume.missing",
      "mode": "managed",
      "type": "aws_ebs_volume",
      "name": "missing",
      "provider_name": "registry.terraform.io/hashicorp/aws",
      "change": {
        "actions": [
          "create"
        ],
        "before": null,
        "after": {
          "availability_zone": "us-west-2a",
          "multi_attach_enabled": null,
          "outpost_arn": null,
          "size": 40,
          "tags": null
        },
        "after_unknown": {
          "arn": true,
          "encrypted": true,
          "id": true,
          "iops": true,
          "kms_key_id": true,
          "snapshot_id": true,
          "tags_all": true,
          "throughput": true,
          "type": true
        }
      }
    }
  ],
  "configuration": {
    "provider_config": {
      "aws": {
        "name": "aws",
        "expressions": {
          "region": {
            "constant_value": "us-east-2"
          }
        }
      }
    },
    "root_module": {
      "resources": [
        {
          "address": "aws_ebs_volume.bad",
          "mode": "managed",
          "type": "aws_ebs_volume",
          "name": "bad",
          "provider_config_key": "aws",
          "expressions": {
            "availability_zone": {
              "constant_value": "us-west-2a"
            },
            "encrypted": {
              "constant_value": false
            },
            "size": {
              "constant_value": 40
            }
          },
          "schema_version": 0
        },
        {
          "address": "aws_ebs_volume.good",
          "mode": "managed",
          "type": "aws_ebs_volume",
          "name": "good",
          "provider_config_key": "aws",
          "expressions": {
            "availability_zone": {
              "constant_value": "us-west-2a"
            },
            "encrypted": {
              "constant_value": true
            },
            "size": {
              "constant_value": 40
            }
          },
          "schema_version": 0
        },
        {
          "address": "aws_ebs_volume.missing",
          "mode": "managed",
          "type": "aws_ebs_volume",
          "name": "missing",
          "provider_config_key": "aws",
          "expressions": {
            "availability_zone": {
              "constant_value": "us-west-2a"
            },
            "size": {
              "constant_value": 40
            }
          },
          "schema_version": 0
        }
      ]
    }
  }
}
