{
  "format_version": "0.1",
  "terraform_version": "0.13.5",
  "planned_values": {
    "root_module": {
      "resources": [
        {
          "address": "aws_iam_group.valid_group_blank_users",
          "mode": "managed",
          "type": "aws_iam_group",
          "name": "valid_group_blank_users",
          "provider_name": "registry.terraform.io/hashicorp/aws",
          "schema_version": 0,
          "values": {
            "name": "valid_group_blank_users",
            "path": "/"
          }
        },
        {
          "address": "aws_iam_group.valid_group_empty_list_users",
          "mode": "managed",
          "type": "aws_iam_group",
          "name": "valid_group_empty_list_users",
          "provider_name": "registry.terraform.io/hashicorp/aws",
          "schema_version": 0,
          "values": {
            "name": "valid_group_empty_list_users",
            "path": "/"
          }
        },
        {
          "address": "aws_iam_group.valid_group_missing_users",
          "mode": "managed",
          "type": "aws_iam_group",
          "name": "valid_group_missing_users",
          "provider_name": "registry.terraform.io/hashicorp/aws",
          "schema_version": 0,
          "values": {
            "name": "valid_group_missing_users",
            "path": "/"
          }
        },
        {
          "address": "aws_iam_group_membership.valid_group_blank_users_membership",
          "mode": "managed",
          "type": "aws_iam_group_membership",
          "name": "valid_group_blank_users_membership",
          "provider_name": "registry.terraform.io/hashicorp/aws",
          "schema_version": 0,
          "values": {
            "group": "valid_group_blank_users",
            "name": "valid_group_blank_users_membership",
            "users": [
              "valid_group_blank_user"
            ]
          }
        },
        {
          "address": "aws_iam_group_membership.valid_group_empty_list_users_membership",
          "mode": "managed",
          "type": "aws_iam_group_membership",
          "name": "valid_group_empty_list_users_membership",
          "provider_name": "registry.terraform.io/hashicorp/aws",
          "schema_version": 0,
          "values": {
            "group": "valid_group_empty_list_users",
            "name": "valid_group_empty_list_users_membership",
            "users": [
              "valid_group_empty_list_user"
            ]
          }
        },
        {
          "address": "aws_iam_group_membership.valid_group_missing_users_membership",
          "mode": "managed",
          "type": "aws_iam_group_membership",
          "name": "valid_group_missing_users_membership",
          "provider_name": "registry.terraform.io/hashicorp/aws",
          "schema_version": 0,
          "values": {
            "group": "valid_group_missing_users",
            "name": "valid_group_missing_users_membership",
            "users": [
              "valid_group_missing_user"
            ]
          }
        },
        {
          "address": "aws_iam_policy.invalid_normal_policy",
          "mode": "managed",
          "type": "aws_iam_policy",
          "name": "invalid_normal_policy",
          "provider_name": "registry.terraform.io/hashicorp/aws",
          "schema_version": 0,
          "values": {
            "description": "Invalid normal policy attached to user",
            "name": "invalid_normal_policy",
            "name_prefix": null,
            "path": "/",
            "policy": "{\n  \"Version\": \"2012-10-17\",\n  \"Statement\": [\n    {\n      \"Action\": [\n        \"*\"\n      ],\n      \"Effect\": \"Deny\",\n      \"Resource\": \"*\"\n    }\n  ]\n}\n",
            "tags": null
          }
        },
        {
          "address": "aws_iam_policy.invalid_user_policy_attachment_policy",
          "mode": "managed",
          "type": "aws_iam_policy",
          "name": "invalid_user_policy_attachment_policy",
          "provider_name": "registry.terraform.io/hashicorp/aws",
          "schema_version": 0,
          "values": {
            "description": "Invalid user policy attachment policy",
            "name": "invalid_user_policy_attachment_policy",
            "name_prefix": null,
            "path": "/",
            "policy": "{\n  \"Version\": \"2012-10-17\",\n  \"Statement\": [\n    {\n      \"Action\": [\n        \"ec2:Describe*\"\n      ],\n      \"Effect\": \"Allow\",\n      \"Resource\": \"*\"\n    }\n  ]\n}\n",
            "tags": null
          }
        },
        {
          "address": "aws_iam_policy.valid_group_blank_users_policy",
          "mode": "managed",
          "type": "aws_iam_policy",
          "name": "valid_group_blank_users_policy",
          "provider_name": "registry.terraform.io/hashicorp/aws",
          "schema_version": 0,
          "values": {
            "description": "Valid group blank users policy",
            "name": "valid_group_blank_users_policy",
            "name_prefix": null,
            "path": "/",
            "policy": "{\n  \"Version\": \"2012-10-17\",\n  \"Statement\": [\n    {\n      \"Action\": [\n        \"ec2:Describe*\"\n      ],\n      \"Effect\": \"Deny\",\n      \"Resource\": \"*\"\n    }\n  ]\n}\n",
            "tags": null
          }
        },
        {
          "address": "aws_iam_policy.valid_group_empty_list_users_policy",
          "mode": "managed",
          "type": "aws_iam_policy",
          "name": "valid_group_empty_list_users_policy",
          "provider_name": "registry.terraform.io/hashicorp/aws",
          "schema_version": 0,
          "values": {
            "description": "Valid group empty list users policy",
            "name": "valid_group_empty_list_users_policy",
            "name_prefix": null,
            "path": "/",
            "policy": "{\n  \"Version\": \"2012-10-17\",\n  \"Statement\": [\n    {\n      \"Action\": [\n        \"ec2:Describe*\"\n      ],\n      \"Effect\": \"Deny\",\n      \"Resource\": \"*\"\n    }\n  ]\n}\n",
            "tags": null
          }
        },
        {
          "address": "aws_iam_policy.valid_group_missing_users_policy",
          "mode": "managed",
          "type": "aws_iam_policy",
          "name": "valid_group_missing_users_policy",
          "provider_name": "registry.terraform.io/hashicorp/aws",
          "schema_version": 0,
          "values": {
            "description": "Valid group missing users policy",
            "name": "valid_group_missing_users_policy",
            "name_prefix": null,
            "path": "/",
            "policy": "{\n  \"Version\": \"2012-10-17\",\n  \"Statement\": [\n    {\n      \"Action\": [\n        \"ec2:Describe*\"\n      ],\n      \"Effect\": \"Deny\",\n      \"Resource\": \"*\"\n    }\n  ]\n}\n",
            "tags": null
          }
        },
        {
          "address": "aws_iam_policy.valid_role_policy",
          "mode": "managed",
          "type": "aws_iam_policy",
          "name": "valid_role_policy",
          "provider_name": "registry.terraform.io/hashicorp/aws",
          "schema_version": 0,
          "values": {
            "description": "Valid role policy",
            "name": "valid_role_policy",
            "name_prefix": null,
            "path": "/",
            "policy": "{\n  \"Version\": \"2012-10-17\",\n  \"Statement\": [\n    {\n      \"Action\": [\n        \"ec2:Describe*\"\n      ],\n      \"Effect\": \"Allow\",\n      \"Resource\": \"*\"\n    }\n  ]\n}\n",
            "tags": null
          }
        },
        {
          "address": "aws_iam_policy_attachment.invalid_normal_policy_attachment",
          "mode": "managed",
          "type": "aws_iam_policy_attachment",
          "name": "invalid_normal_policy_attachment",
          "provider_name": "registry.terraform.io/hashicorp/aws",
          "schema_version": 0,
          "values": {
            "groups": null,
            "name": "invalid_normal_policy_attachment",
            "roles": null,
            "users": [
              "invalid_normal_policy_user"
            ]
          }
        },
        {
          "address": "aws_iam_policy_attachment.valid_group_policy_attachment_blank_users",
          "mode": "managed",
          "type": "aws_iam_policy_attachment",
          "name": "valid_group_policy_attachment_blank_users",
          "provider_name": "registry.terraform.io/hashicorp/aws",
          "schema_version": 0,
          "values": {
            "groups": [
              "valid_group_blank_users"
            ],
            "name": "valid_group_policy_attachment_blank_users",
            "roles": null,
            "users": [
              ""
            ]
          }
        },
        {
          "address": "aws_iam_policy_attachment.valid_group_policy_attachment_empty_list_users",
          "mode": "managed",
          "type": "aws_iam_policy_attachment",
          "name": "valid_group_policy_attachment_empty_list_users",
          "provider_name": "registry.terraform.io/hashicorp/aws",
          "schema_version": 0,
          "values": {
            "groups": [
              "valid_group_empty_list_users"
            ],
            "name": "valid_group_policy_attachment_empty_list_users",
            "roles": null,
            "users": null
          }
        },
        {
          "address": "aws_iam_policy_attachment.valid_group_policy_attachment_missing_users",
          "mode": "managed",
          "type": "aws_iam_policy_attachment",
          "name": "valid_group_policy_attachment_missing_users",
          "provider_name": "registry.terraform.io/hashicorp/aws",
          "schema_version": 0,
          "values": {
            "groups": [
              "valid_group_missing_users"
            ],
            "name": "valid_group_policy_attachment_missing_users",
            "roles": null,
            "users": null
          }
        },
        {
          "address": "aws_iam_policy_attachment.valid_role_policy_attachment",
          "mode": "managed",
          "type": "aws_iam_policy_attachment",
          "name": "valid_role_policy_attachment",
          "provider_name": "registry.terraform.io/hashicorp/aws",
          "schema_version": 0,
          "values": {
            "groups": null,
            "name": "valid_role_policy_attachment",
            "roles": [
              "valid_role"
            ],
            "users": null
          }
        },
        {
          "address": "aws_iam_role.valid_role",
          "mode": "managed",
          "type": "aws_iam_role",
          "name": "valid_role",
          "provider_name": "registry.terraform.io/hashicorp/aws",
          "schema_version": 0,
          "values": {
            "assume_role_policy": "{\n\"Version\": \"2012-10-17\",\n\"Statement\": [\n  {\n    \"Action\": \"sts:AssumeRole\",\n    \"Principal\": {\n      \"Service\": \"ec2.amazonaws.com\"\n    },\n    \"Effect\": \"Allow\",\n    \"Sid\": \"\"\n  }\n ]\n}\n",
            "description": null,
            "force_detach_policies": false,
            "max_session_duration": 3600,
            "name": "valid_role",
            "name_prefix": null,
            "path": "/",
            "permissions_boundary": null,
            "tags": null
          }
        },
        {
          "address": "aws_iam_user.invalid_normal_policy_user",
          "mode": "managed",
          "type": "aws_iam_user",
          "name": "invalid_normal_policy_user",
          "provider_name": "registry.terraform.io/hashicorp/aws",
          "schema_version": 0,
          "values": {
            "force_destroy": false,
            "name": "invalid_normal_policy_user",
            "path": "/",
            "permissions_boundary": null,
            "tags": null
          }
        },
        {
          "address": "aws_iam_user.invalid_user_policy_attachment_user",
          "mode": "managed",
          "type": "aws_iam_user",
          "name": "invalid_user_policy_attachment_user",
          "provider_name": "registry.terraform.io/hashicorp/aws",
          "schema_version": 0,
          "values": {
            "force_destroy": false,
            "name": "invalid_user_policy_attachment_user",
            "path": "/",
            "permissions_boundary": null,
            "tags": null
          }
        },
        {
          "address": "aws_iam_user.invalid_user_policy_user",
          "mode": "managed",
          "type": "aws_iam_user",
          "name": "invalid_user_policy_user",
          "provider_name": "registry.terraform.io/hashicorp/aws",
          "schema_version": 0,
          "values": {
            "force_destroy": false,
            "name": "invalid_user_policy_user",
            "path": "/",
            "permissions_boundary": null,
            "tags": null
          }
        },
        {
          "address": "aws_iam_user.valid_group_blank_user",
          "mode": "managed",
          "type": "aws_iam_user",
          "name": "valid_group_blank_user",
          "provider_name": "registry.terraform.io/hashicorp/aws",
          "schema_version": 0,
          "values": {
            "force_destroy": false,
            "name": "valid_group_blank_user",
            "path": "/",
            "permissions_boundary": null,
            "tags": null
          }
        },
        {
          "address": "aws_iam_user.valid_group_empty_list_user",
          "mode": "managed",
          "type": "aws_iam_user",
          "name": "valid_group_empty_list_user",
          "provider_name": "registry.terraform.io/hashicorp/aws",
          "schema_version": 0,
          "values": {
            "force_destroy": false,
            "name": "valid_group_empty_list_user",
            "path": "/",
            "permissions_boundary": null,
            "tags": null
          }
        },
        {
          "address": "aws_iam_user.valid_group_missing_user",
          "mode": "managed",
          "type": "aws_iam_user",
          "name": "valid_group_missing_user",
          "provider_name": "registry.terraform.io/hashicorp/aws",
          "schema_version": 0,
          "values": {
            "force_destroy": false,
            "name": "valid_group_missing_user",
            "path": "/",
            "permissions_boundary": null,
            "tags": null
          }
        },
        {
          "address": "aws_iam_user_policy.invalid_user_policy",
          "mode": "managed",
          "type": "aws_iam_user_policy",
          "name": "invalid_user_policy",
          "provider_name": "registry.terraform.io/hashicorp/aws",
          "schema_version": 0,
          "values": {
            "name": "invalid_user_policy",
            "name_prefix": null,
            "policy": "{\n  \"Version\": \"2012-10-17\",\n  \"Statement\": [\n    {\n      \"Action\": [\n        \"ec2:Describe*\"\n      ],\n      \"Effect\": \"Allow\",\n      \"Resource\": \"*\"\n    }\n  ]\n}\n",
            "user": "invalid_user_policy_user"
          }
        },
        {
          "address": "aws_iam_user_policy_attachment.invalid_user_policy_attachment",
          "mode": "managed",
          "type": "aws_iam_user_policy_attachment",
          "name": "invalid_user_policy_attachment",
          "provider_name": "registry.terraform.io/hashicorp/aws",
          "schema_version": 0,
          "values": {
            "user": "invalid_user_policy_attachment_user"
          }
        }
      ]
    }
  },
  "resource_changes": [
    {
      "address": "aws_iam_group.valid_group_blank_users",
      "mode": "managed",
      "type": "aws_iam_group",
      "name": "valid_group_blank_users",
      "provider_name": "registry.terraform.io/hashicorp/aws",
      "change": {
        "actions": [
          "create"
        ],
        "before": null,
        "after": {
          "name": "valid_group_blank_users",
          "path": "/"
        },
        "after_unknown": {
          "arn": true,
          "id": true,
          "unique_id": true
        }
      }
    },
    {
      "address": "aws_iam_group.valid_group_empty_list_users",
      "mode": "managed",
      "type": "aws_iam_group",
      "name": "valid_group_empty_list_users",
      "provider_name": "registry.terraform.io/hashicorp/aws",
      "change": {
        "actions": [
          "create"
        ],
        "before": null,
        "after": {
          "name": "valid_group_empty_list_users",
          "path": "/"
        },
        "after_unknown": {
          "arn": true,
          "id": true,
          "unique_id": true
        }
      }
    },
    {
      "address": "aws_iam_group.valid_group_missing_users",
      "mode": "managed",
      "type": "aws_iam_group",
      "name": "valid_group_missing_users",
      "provider_name": "registry.terraform.io/hashicorp/aws",
      "change": {
        "actions": [
          "create"
        ],
        "before": null,
        "after": {
          "name": "valid_group_missing_users",
          "path": "/"
        },
        "after_unknown": {
          "arn": true,
          "id": true,
          "unique_id": true
        }
      }
    },
    {
      "address": "aws_iam_group_membership.valid_group_blank_users_membership",
      "mode": "managed",
      "type": "aws_iam_group_membership",
      "name": "valid_group_blank_users_membership",
      "provider_name": "registry.terraform.io/hashicorp/aws",
      "change": {
        "actions": [
          "create"
        ],
        "before": null,
        "after": {
          "group": "valid_group_blank_users",
          "name": "valid_group_blank_users_membership",
          "users": [
            "valid_group_blank_user"
          ]
        },
        "after_unknown": {
          "id": true,
          "users": [
            false
          ]
        }
      }
    },
    {
      "address": "aws_iam_group_membership.valid_group_empty_list_users_membership",
      "mode": "managed",
      "type": "aws_iam_group_membership",
      "name": "valid_group_empty_list_users_membership",
      "provider_name": "registry.terraform.io/hashicorp/aws",
      "change": {
        "actions": [
          "create"
        ],
        "before": null,
        "after": {
          "group": "valid_group_empty_list_users",
          "name": "valid_group_empty_list_users_membership",
          "users": [
            "valid_group_empty_list_user"
          ]
        },
        "after_unknown": {
          "id": true,
          "users": [
            false
          ]
        }
      }
    },
    {
      "address": "aws_iam_group_membership.valid_group_missing_users_membership",
      "mode": "managed",
      "type": "aws_iam_group_membership",
      "name": "valid_group_missing_users_membership",
      "provider_name": "registry.terraform.io/hashicorp/aws",
      "change": {
        "actions": [
          "create"
        ],
        "before": null,
        "after": {
          "group": "valid_group_missing_users",
          "name": "valid_group_missing_users_membership",
          "users": [
            "valid_group_missing_user"
          ]
        },
        "after_unknown": {
          "id": true,
          "users": [
            false
          ]
        }
      }
    },
    {
      "address": "aws_iam_policy.invalid_normal_policy",
      "mode": "managed",
      "type": "aws_iam_policy",
      "name": "invalid_normal_policy",
      "provider_name": "registry.terraform.io/hashicorp/aws",
      "change": {
        "actions": [
          "create"
        ],
        "before": null,
        "after": {
          "description": "Invalid normal policy attached to user",
          "name": "invalid_normal_policy",
          "name_prefix": null,
          "path": "/",
          "policy": "{\n  \"Version\": \"2012-10-17\",\n  \"Statement\": [\n    {\n      \"Action\": [\n        \"*\"\n      ],\n      \"Effect\": \"Deny\",\n      \"Resource\": \"*\"\n    }\n  ]\n}\n",
          "tags": null
        },
        "after_unknown": {
          "arn": true,
          "id": true,
          "policy_id": true,
          "tags_all": true
        }
      }
    },
    {
      "address": "aws_iam_policy.invalid_user_policy_attachment_policy",
      "mode": "managed",
      "type": "aws_iam_policy",
      "name": "invalid_user_policy_attachment_policy",
      "provider_name": "registry.terraform.io/hashicorp/aws",
      "change": {
        "actions": [
          "create"
        ],
        "before": null,
        "after": {
          "description": "Invalid user policy attachment policy",
          "name": "invalid_user_policy_attachment_policy",
          "name_prefix": null,
          "path": "/",
          "policy": "{\n  \"Version\": \"2012-10-17\",\n  \"Statement\": [\n    {\n      \"Action\": [\n        \"ec2:Describe*\"\n      ],\n      \"Effect\": \"Allow\",\n      \"Resource\": \"*\"\n    }\n  ]\n}\n",
          "tags": null
        },
        "after_unknown": {
          "arn": true,
          "id": true,
          "policy_id": true,
          "tags_all": true
        }
      }
    },
    {
      "address": "aws_iam_policy.valid_group_blank_users_policy",
      "mode": "managed",
      "type": "aws_iam_policy",
      "name": "valid_group_blank_users_policy",
      "provider_name": "registry.terraform.io/hashicorp/aws",
      "change": {
        "actions": [
          "create"
        ],
        "before": null,
        "after": {
          "description": "Valid group blank users policy",
          "name": "valid_group_blank_users_policy",
          "name_prefix": null,
          "path": "/",
          "policy": "{\n  \"Version\": \"2012-10-17\",\n  \"Statement\": [\n    {\n      \"Action\": [\n        \"ec2:Describe*\"\n      ],\n      \"Effect\": \"Deny\",\n      \"Resource\": \"*\"\n    }\n  ]\n}\n",
          "tags": null
        },
        "after_unknown": {
          "arn": true,
          "id": true,
          "policy_id": true,
          "tags_all": true
        }
      }
    },
    {
      "address": "aws_iam_policy.valid_group_empty_list_users_policy",
      "mode": "managed",
      "type": "aws_iam_policy",
      "name": "valid_group_empty_list_users_policy",
      "provider_name": "registry.terraform.io/hashicorp/aws",
      "change": {
        "actions": [
          "create"
        ],
        "before": null,
        "after": {
          "description": "Valid group empty list users policy",
          "name": "valid_group_empty_list_users_policy",
          "name_prefix": null,
          "path": "/",
          "policy": "{\n  \"Version\": \"2012-10-17\",\n  \"Statement\": [\n    {\n      \"Action\": [\n        \"ec2:Describe*\"\n      ],\n      \"Effect\": \"Deny\",\n      \"Resource\": \"*\"\n    }\n  ]\n}\n",
          "tags": null
        },
        "after_unknown": {
          "arn": true,
          "id": true,
          "policy_id": true,
          "tags_all": true
        }
      }
    },
    {
      "address": "aws_iam_policy.valid_group_missing_users_policy",
      "mode": "managed",
      "type": "aws_iam_policy",
      "name": "valid_group_missing_users_policy",
      "provider_name": "registry.terraform.io/hashicorp/aws",
      "change": {
        "actions": [
          "create"
        ],
        "before": null,
        "after": {
          "description": "Valid group missing users policy",
          "name": "valid_group_missing_users_policy",
          "name_prefix": null,
          "path": "/",
          "policy": "{\n  \"Version\": \"2012-10-17\",\n  \"Statement\": [\n    {\n      \"Action\": [\n        \"ec2:Describe*\"\n      ],\n      \"Effect\": \"Deny\",\n      \"Resource\": \"*\"\n    }\n  ]\n}\n",
          "tags": null
        },
        "after_unknown": {
          "arn": true,
          "id": true,
          "policy_id": true,
          "tags_all": true
        }
      }
    },
    {
      "address": "aws_iam_policy.valid_role_policy",
      "mode": "managed",
      "type": "aws_iam_policy",
      "name": "valid_role_policy",
      "provider_name": "registry.terraform.io/hashicorp/aws",
      "change": {
        "actions": [
          "create"
        ],
        "before": null,
        "after": {
          "description": "Valid role policy",
          "name": "valid_role_policy",
          "name_prefix": null,
          "path": "/",
          "policy": "{\n  \"Version\": \"2012-10-17\",\n  \"Statement\": [\n    {\n      \"Action\": [\n        \"ec2:Describe*\"\n      ],\n      \"Effect\": \"Allow\",\n      \"Resource\": \"*\"\n    }\n  ]\n}\n",
          "tags": null
        },
        "after_unknown": {
          "arn": true,
          "id": true,
          "policy_id": true,
          "tags_all": true
        }
      }
    },
    {
      "address": "aws_iam_policy_attachment.invalid_normal_policy_attachment",
      "mode": "managed",
      "type": "aws_iam_policy_attachment",
      "name": "invalid_normal_policy_attachment",
      "provider_name": "registry.terraform.io/hashicorp/aws",
      "change": {
        "actions": [
          "create"
        ],
        "before": null,
        "after": {
          "groups": null,
          "name": "invalid_normal_policy_attachment",
          "roles": null,
          "users": [
            "invalid_normal_policy_user"
          ]
        },
        "after_unknown": {
          "id": true,
          "policy_arn": true,
          "users": [
            false
          ]
        }
      }
    },
    {
      "address": "aws_iam_policy_attachment.valid_group_policy_attachment_blank_users",
      "mode": "managed",
      "type": "aws_iam_policy_attachment",
      "name": "valid_group_policy_attachment_blank_users",
      "provider_name": "registry.terraform.io/hashicorp/aws",
      "change": {
        "actions": [
          "create"
        ],
        "before": null,
        "after": {
          "groups": [
            "valid_group_blank_users"
          ],
          "name": "valid_group_policy_attachment_blank_users",
          "roles": null,
          "users": [
            ""
          ]
        },
        "after_unknown": {
          "groups": [
            false
          ],
          "id": true,
          "policy_arn": true,
          "users": [
            false
          ]
        }
      }
    },
    {
      "address": "aws_iam_policy_attachment.valid_group_policy_attachment_empty_list_users",
      "mode": "managed",
      "type": "aws_iam_policy_attachment",
      "name": "valid_group_policy_attachment_empty_list_users",
      "provider_name": "registry.terraform.io/hashicorp/aws",
      "change": {
        "actions": [
          "create"
        ],
        "before": null,
        "after": {
          "groups": [
            "valid_group_empty_list_users"
          ],
          "name": "valid_group_policy_attachment_empty_list_users",
          "roles": null,
          "users": null
        },
        "after_unknown": {
          "groups": [
            false
          ],
          "id": true,
          "policy_arn": true
        }
      }
    },
    {
      "address": "aws_iam_policy_attachment.valid_group_policy_attachment_missing_users",
      "mode": "managed",
      "type": "aws_iam_policy_attachment",
      "name": "valid_group_policy_attachment_missing_users",
      "provider_name": "registry.terraform.io/hashicorp/aws",
      "change": {
        "actions": [
          "create"
        ],
        "before": null,
        "after": {
          "groups": [
            "valid_group_missing_users"
          ],
          "name": "valid_group_policy_attachment_missing_users",
          "roles": null,
          "users": null
        },
        "after_unknown": {
          "groups": [
            false
          ],
          "id": true,
          "policy_arn": true
        }
      }
    },
    {
      "address": "aws_iam_policy_attachment.valid_role_policy_attachment",
      "mode": "managed",
      "type": "aws_iam_policy_attachment",
      "name": "valid_role_policy_attachment",
      "provider_name": "registry.terraform.io/hashicorp/aws",
      "change": {
        "actions": [
          "create"
        ],
        "before": null,
        "after": {
          "groups": null,
          "name": "valid_role_policy_attachment",
          "roles": [
            "valid_role"
          ],
          "users": null
        },
        "after_unknown": {
          "id": true,
          "policy_arn": true,
          "roles": [
            false
          ]
        }
      }
    },
    {
      "address": "aws_iam_role.valid_role",
      "mode": "managed",
      "type": "aws_iam_role",
      "name": "valid_role",
      "provider_name": "registry.terraform.io/hashicorp/aws",
      "change": {
        "actions": [
          "create"
        ],
        "before": null,
        "after": {
          "assume_role_policy": "{\n\"Version\": \"2012-10-17\",\n\"Statement\": [\n  {\n    \"Action\": \"sts:AssumeRole\",\n    \"Principal\": {\n      \"Service\": \"ec2.amazonaws.com\"\n    },\n    \"Effect\": \"Allow\",\n    \"Sid\": \"\"\n  }\n ]\n}\n",
          "description": null,
          "force_detach_policies": false,
          "max_session_duration": 3600,
          "name": "valid_role",
          "name_prefix": null,
          "path": "/",
          "permissions_boundary": null,
          "tags": null
        },
        "after_unknown": {
          "arn": true,
          "create_date": true,
          "id": true,
          "inline_policy": true,
          "managed_policy_arns": true,
          "tags_all": true,
          "unique_id": true
        }
      }
    },
    {
      "address": "aws_iam_user.invalid_normal_policy_user",
      "mode": "managed",
      "type": "aws_iam_user",
      "name": "invalid_normal_policy_user",
      "provider_name": "registry.terraform.io/hashicorp/aws",
      "change": {
        "actions": [
          "create"
        ],
        "before": null,
        "after": {
          "force_destroy": false,
          "name": "invalid_normal_policy_user",
          "path": "/",
          "permissions_boundary": null,
          "tags": null
        },
        "after_unknown": {
          "arn": true,
          "id": true,
          "tags_all": true,
          "unique_id": true
        }
      }
    },
    {
      "address": "aws_iam_user.invalid_user_policy_attachment_user",
      "mode": "managed",
      "type": "aws_iam_user",
      "name": "invalid_user_policy_attachment_user",
      "provider_name": "registry.terraform.io/hashicorp/aws",
      "change": {
        "actions": [
          "create"
        ],
        "before": null,
        "after": {
          "force_destroy": false,
          "name": "invalid_user_policy_attachment_user",
          "path": "/",
          "permissions_boundary": null,
          "tags": null
        },
        "after_unknown": {
          "arn": true,
          "id": true,
          "tags_all": true,
          "unique_id": true
        }
      }
    },
    {
      "address": "aws_iam_user.invalid_user_policy_user",
      "mode": "managed",
      "type": "aws_iam_user",
      "name": "invalid_user_policy_user",
      "provider_name": "registry.terraform.io/hashicorp/aws",
      "change": {
        "actions": [
          "create"
        ],
        "before": null,
        "after": {
          "force_destroy": false,
          "name": "invalid_user_policy_user",
          "path": "/",
          "permissions_boundary": null,
          "tags": null
        },
        "after_unknown": {
          "arn": true,
          "id": true,
          "tags_all": true,
          "unique_id": true
        }
      }
    },
    {
      "address": "aws_iam_user.valid_group_blank_user",
      "mode": "managed",
      "type": "aws_iam_user",
      "name": "valid_group_blank_user",
      "provider_name": "registry.terraform.io/hashicorp/aws",
      "change": {
        "actions": [
          "create"
        ],
        "before": null,
        "after": {
          "force_destroy": false,
          "name": "valid_group_blank_user",
          "path": "/",
          "permissions_boundary": null,
          "tags": null
        },
        "after_unknown": {
          "arn": true,
          "id": true,
          "tags_all": true,
          "unique_id": true
        }
      }
    },
    {
      "address": "aws_iam_user.valid_group_empty_list_user",
      "mode": "managed",
      "type": "aws_iam_user",
      "name": "valid_group_empty_list_user",
      "provider_name": "registry.terraform.io/hashicorp/aws",
      "change": {
        "actions": [
          "create"
        ],
        "before": null,
        "after": {
          "force_destroy": false,
          "name": "valid_group_empty_list_user",
          "path": "/",
          "permissions_boundary": null,
          "tags": null
        },
        "after_unknown": {
          "arn": true,
          "id": true,
          "tags_all": true,
          "unique_id": true
        }
      }
    },
    {
      "address": "aws_iam_user.valid_group_missing_user",
      "mode": "managed",
      "type": "aws_iam_user",
      "name": "valid_group_missing_user",
      "provider_name": "registry.terraform.io/hashicorp/aws",
      "change": {
        "actions": [
          "create"
        ],
        "before": null,
        "after": {
          "force_destroy": false,
          "name": "valid_group_missing_user",
          "path": "/",
          "permissions_boundary": null,
          "tags": null
        },
        "after_unknown": {
          "arn": true,
          "id": true,
          "tags_all": true,
          "unique_id": true
        }
      }
    },
    {
      "address": "aws_iam_user_policy.invalid_user_policy",
      "mode": "managed",
      "type": "aws_iam_user_policy",
      "name": "invalid_user_policy",
      "provider_name": "registry.terraform.io/hashicorp/aws",
      "change": {
        "actions": [
          "create"
        ],
        "before": null,
        "after": {
          "name": "invalid_user_policy",
          "name_prefix": null,
          "policy": "{\n  \"Version\": \"2012-10-17\",\n  \"Statement\": [\n    {\n      \"Action\": [\n        \"ec2:Describe*\"\n      ],\n      \"Effect\": \"Allow\",\n      \"Resource\": \"*\"\n    }\n  ]\n}\n",
          "user": "invalid_user_policy_user"
        },
        "after_unknown": {
          "id": true
        }
      }
    },
    {
      "address": "aws_iam_user_policy_attachment.invalid_user_policy_attachment",
      "mode": "managed",
      "type": "aws_iam_user_policy_attachment",
      "name": "invalid_user_policy_attachment",
      "provider_name": "registry.terraform.io/hashicorp/aws",
      "change": {
        "actions": [
          "create"
        ],
        "before": null,
        "after": {
          "user": "invalid_user_policy_attachment_user"
        },
        "after_unknown": {
          "id": true,
          "policy_arn": true
        }
      }
    }
  ],
  "configuration": {
    "provider_config": {
      "aws": {
        "name": "aws",
        "expressions": {
          "region": {
            "constant_value": "us-west-2"
          }
        }
      }
    },
    "root_module": {
      "resources": [
        {
          "address": "aws_iam_group.valid_group_blank_users",
          "mode": "managed",
          "type": "aws_iam_group",
          "name": "valid_group_blank_users",
          "provider_config_key": "aws",
          "expressions": {
            "name": {
              "constant_value": "valid_group_blank_users"
            }
          },
          "schema_version": 0
        },
        {
          "address": "aws_iam_group.valid_group_empty_list_users",
          "mode": "managed",
          "type": "aws_iam_group",
          "name": "valid_group_empty_list_users",
          "provider_config_key": "aws",
          "expressions": {
            "name": {
              "constant_value": "valid_group_empty_list_users"
            }
          },
          "schema_version": 0
        },
        {
          "address": "aws_iam_group.valid_group_missing_users",
          "mode": "managed",
          "type": "aws_iam_group",
          "name": "valid_group_missing_users",
          "provider_config_key": "aws",
          "expressions": {
            "name": {
              "constant_value": "valid_group_missing_users"
            }
          },
          "schema_version": 0
        },
        {
          "address": "aws_iam_group_membership.valid_group_blank_users_membership",
          "mode": "managed",
          "type": "aws_iam_group_membership",
          "name": "valid_group_blank_users_membership",
          "provider_config_key": "aws",
          "expressions": {
            "group": {
              "references": [
                "aws_iam_group.valid_group_blank_users"
              ]
            },
            "name": {
              "constant_value": "valid_group_blank_users_membership"
            },
            "users": {
              "references": [
                "aws_iam_user.valid_group_blank_user"
              ]
            }
          },
          "schema_version": 0
        },
        {
          "address": "aws_iam_group_membership.valid_group_empty_list_users_membership",
          "mode": "managed",
          "type": "aws_iam_group_membership",
          "name": "valid_group_empty_list_users_membership",
          "provider_config_key": "aws",
          "expressions": {
            "group": {
              "references": [
                "aws_iam_group.valid_group_empty_list_users"
              ]
            },
            "name": {
              "constant_value": "valid_group_empty_list_users_membership"
            },
            "users": {
              "references": [
                "aws_iam_user.valid_group_empty_list_user"
              ]
            }
          },
          "schema_version": 0
        },
        {
          "address": "aws_iam_group_membership.valid_group_missing_users_membership",
          "mode": "managed",
          "type": "aws_iam_group_membership",
          "name": "valid_group_missing_users_membership",
          "provider_config_key": "aws",
          "expressions": {
            "group": {
              "references": [
                "aws_iam_group.valid_group_missing_users"
              ]
            },
            "name": {
              "constant_value": "valid_group_missing_users_membership"
            },
            "users": {
              "references": [
                "aws_iam_user.valid_group_missing_user"
              ]
            }
          },
          "schema_version": 0
        },
        {
          "address": "aws_iam_policy.invalid_normal_policy",
          "mode": "managed",
          "type": "aws_iam_policy",
          "name": "invalid_normal_policy",
          "provider_config_key": "aws",
          "expressions": {
            "description": {
              "constant_value": "Invalid normal policy attached to user"
            },
            "name": {
              "constant_value": "invalid_normal_policy"
            },
            "policy": {
              "constant_value": "{\n  \"Version\": \"2012-10-17\",\n  \"Statement\": [\n    {\n      \"Action\": [\n        \"*\"\n      ],\n      \"Effect\": \"Deny\",\n      \"Resource\": \"*\"\n    }\n  ]\n}\n"
            }
          },
          "schema_version": 0
        },
        {
          "address": "aws_iam_policy.invalid_user_policy_attachment_policy",
          "mode": "managed",
          "type": "aws_iam_policy",
          "name": "invalid_user_policy_attachment_policy",
          "provider_config_key": "aws",
          "expressions": {
            "description": {
              "constant_value": "Invalid user policy attachment policy"
            },
            "name": {
              "constant_value": "invalid_user_policy_attachment_policy"
            },
            "policy": {
              "constant_value": "{\n  \"Version\": \"2012-10-17\",\n  \"Statement\": [\n    {\n      \"Action\": [\n        \"ec2:Describe*\"\n      ],\n      \"Effect\": \"Allow\",\n      \"Resource\": \"*\"\n    }\n  ]\n}\n"
            }
          },
          "schema_version": 0
        },
        {
          "address": "aws_iam_policy.valid_group_blank_users_policy",
          "mode": "managed",
          "type": "aws_iam_policy",
          "name": "valid_group_blank_users_policy",
          "provider_config_key": "aws",
          "expressions": {
            "description": {
              "constant_value": "Valid group blank users policy"
            },
            "name": {
              "constant_value": "valid_group_blank_users_policy"
            },
            "policy": {
              "constant_value": "{\n  \"Version\": \"2012-10-17\",\n  \"Statement\": [\n    {\n      \"Action\": [\n        \"ec2:Describe*\"\n      ],\n      \"Effect\": \"Deny\",\n      \"Resource\": \"*\"\n    }\n  ]\n}\n"
            }
          },
          "schema_version": 0
        },
        {
          "address": "aws_iam_policy.valid_group_empty_list_users_policy",
          "mode": "managed",
          "type": "aws_iam_policy",
          "name": "valid_group_empty_list_users_policy",
          "provider_config_key": "aws",
          "expressions": {
            "description": {
              "constant_value": "Valid group empty list users policy"
            },
            "name": {
              "constant_value": "valid_group_empty_list_users_policy"
            },
            "policy": {
              "constant_value": "{\n  \"Version\": \"2012-10-17\",\n  \"Statement\": [\n    {\n      \"Action\": [\n        \"ec2:Describe*\"\n      ],\n      \"Effect\": \"Deny\",\n      \"Resource\": \"*\"\n    }\n  ]\n}\n"
            }
          },
          "schema_version": 0
        },
        {
          "address": "aws_iam_policy.valid_group_missing_users_policy",
          "mode": "managed",
          "type": "aws_iam_policy",
          "name": "valid_group_missing_users_policy",
          "provider_config_key": "aws",
          "expressions": {
            "description": {
              "constant_value": "Valid group missing users policy"
            },
            "name": {
              "constant_value": "valid_group_missing_users_policy"
            },
            "policy": {
              "constant_value": "{\n  \"Version\": \"2012-10-17\",\n  \"Statement\": [\n    {\n      \"Action\": [\n        \"ec2:Describe*\"\n      ],\n      \"Effect\": \"Deny\",\n      \"Resource\": \"*\"\n    }\n  ]\n}\n"
            }
          },
          "schema_version": 0
        },
        {
          "address": "aws_iam_policy.valid_role_policy",
          "mode": "managed",
          "type": "aws_iam_policy",
          "name": "valid_role_policy",
          "provider_config_key": "aws",
          "expressions": {
            "description": {
              "constant_value": "Valid role policy"
            },
            "name": {
              "constant_value": "valid_role_policy"
            },
            "policy": {
              "constant_value": "{\n  \"Version\": \"2012-10-17\",\n  \"Statement\": [\n    {\n      \"Action\": [\n        \"ec2:Describe*\"\n      ],\n      \"Effect\": \"Allow\",\n      \"Resource\": \"*\"\n    }\n  ]\n}\n"
            }
          },
          "schema_version": 0
        },
        {
          "address": "aws_iam_policy_attachment.invalid_normal_policy_attachment",
          "mode": "managed",
          "type": "aws_iam_policy_attachment",
          "name": "invalid_normal_policy_attachment",
          "provider_config_key": "aws",
          "expressions": {
            "name": {
              "constant_value": "invalid_normal_policy_attachment"
            },
            "policy_arn": {
              "references": [
                "aws_iam_policy.invalid_normal_policy"
              ]
            },
            "users": {
              "references": [
                "aws_iam_user.invalid_normal_policy_user"
              ]
            }
          },
          "schema_version": 0
        },
        {
          "address": "aws_iam_policy_attachment.valid_group_policy_attachment_blank_users",
          "mode": "managed",
          "type": "aws_iam_policy_attachment",
          "name": "valid_group_policy_attachment_blank_users",
          "provider_config_key": "aws",
          "expressions": {
            "groups": {
              "references": [
                "aws_iam_group.valid_group_blank_users"
              ]
            },
            "name": {
              "constant_value": "valid_group_policy_attachment_blank_users"
            },
            "policy_arn": {
              "references": [
                "aws_iam_policy.valid_group_blank_users_policy"
              ]
            },
            "users": {
              "constant_value": [
                ""
              ]
            }
          },
          "schema_version": 0
        },
        {
          "address": "aws_iam_policy_attachment.valid_group_policy_attachment_empty_list_users",
          "mode": "managed",
          "type": "aws_iam_policy_attachment",
          "name": "valid_group_policy_attachment_empty_list_users",
          "provider_config_key": "aws",
          "expressions": {
            "groups": {
              "references": [
                "aws_iam_group.valid_group_empty_list_users"
              ]
            },
            "name": {
              "constant_value": "valid_group_policy_attachment_empty_list_users"
            },
            "policy_arn": {
              "references": [
                "aws_iam_policy.valid_group_empty_list_users_policy"
              ]
            },
            "users": {
              "constant_value": []
            }
          },
          "schema_version": 0
        },
        {
          "address": "aws_iam_policy_attachment.valid_group_policy_attachment_missing_users",
          "mode": "managed",
          "type": "aws_iam_policy_attachment",
          "name": "valid_group_policy_attachment_missing_users",
          "provider_config_key": "aws",
          "expressions": {
            "groups": {
              "references": [
                "aws_iam_group.valid_group_missing_users"
              ]
            },
            "name": {
              "constant_value": "valid_group_policy_attachment_missing_users"
            },
            "policy_arn": {
              "references": [
                "aws_iam_policy.valid_group_missing_users_policy"
              ]
            }
          },
          "schema_version": 0
        },
        {
          "address": "aws_iam_policy_attachment.valid_role_policy_attachment",
          "mode": "managed",
          "type": "aws_iam_policy_attachment",
          "name": "valid_role_policy_attachment",
          "provider_config_key": "aws",
          "expressions": {
            "name": {
              "constant_value": "valid_role_policy_attachment"
            },
            "policy_arn": {
              "references": [
                "aws_iam_policy.valid_role_policy"
              ]
            },
            "roles": {
              "references": [
                "aws_iam_role.valid_role"
              ]
            }
          },
          "schema_version": 0
        },
        {
          "address": "aws_iam_role.valid_role",
          "mode": "managed",
          "type": "aws_iam_role",
          "name": "valid_role",
          "provider_config_key": "aws",
          "expressions": {
            "assume_role_policy": {
              "constant_value": "{\n\"Version\": \"2012-10-17\",\n\"Statement\": [\n  {\n    \"Action\": \"sts:AssumeRole\",\n    \"Principal\": {\n      \"Service\": \"ec2.amazonaws.com\"\n    },\n    \"Effect\": \"Allow\",\n    \"Sid\": \"\"\n  }\n ]\n}\n"
            },
            "name": {
              "constant_value": "valid_role"
            }
          },
          "schema_version": 0
        },
        {
          "address": "aws_iam_user.invalid_normal_policy_user",
          "mode": "managed",
          "type": "aws_iam_user",
          "name": "invalid_normal_policy_user",
          "provider_config_key": "aws",
          "expressions": {
            "name": {
              "constant_value": "invalid_normal_policy_user"
            }
          },
          "schema_version": 0
        },
        {
          "address": "aws_iam_user.invalid_user_policy_attachment_user",
          "mode": "managed",
          "type": "aws_iam_user",
          "name": "invalid_user_policy_attachment_user",
          "provider_config_key": "aws",
          "expressions": {
            "name": {
              "constant_value": "invalid_user_policy_attachment_user"
            }
          },
          "schema_version": 0
        },
        {
          "address": "aws_iam_user.invalid_user_policy_user",
          "mode": "managed",
          "type": "aws_iam_user",
          "name": "invalid_user_policy_user",
          "provider_config_key": "aws",
          "expressions": {
            "name": {
              "constant_value": "invalid_user_policy_user"
            }
          },
          "schema_version": 0
        },
        {
          "address": "aws_iam_user.valid_group_blank_user",
          "mode": "managed",
          "type": "aws_iam_user",
          "name": "valid_group_blank_user",
          "provider_config_key": "aws",
          "expressions": {
            "name": {
              "constant_value": "valid_group_blank_user"
            }
          },
          "schema_version": 0
        },
        {
          "address": "aws_iam_user.valid_group_empty_list_user",
          "mode": "managed",
          "type": "aws_iam_user",
          "name": "valid_group_empty_list_user",
          "provider_config_key": "aws",
          "expressions": {
            "name": {
              "constant_value": "valid_group_empty_list_user"
            }
          },
          "schema_version": 0
        },
        {
          "address": "aws_iam_user.valid_group_missing_user",
          "mode": "managed",
          "type": "aws_iam_user",
          "name": "valid_group_missing_user",
          "provider_config_key": "aws",
          "expressions": {
            "name": {
              "constant_value": "valid_group_missing_user"
            }
          },
          "schema_version": 0
        },
        {
          "address": "aws_iam_user_policy.invalid_user_policy",
          "mode": "managed",
          "type": "aws_iam_user_policy",
          "name": "invalid_user_policy",
          "provider_config_key": "aws",
          "expressions": {
            "name": {
              "constant_value": "invalid_user_policy"
            },
            "policy": {
              "constant_value": "{\n  \"Version\": \"2012-10-17\",\n  \"Statement\": [\n    {\n      \"Action\": [\n        \"ec2:Describe*\"\n      ],\n      \"Effect\": \"Allow\",\n      \"Resource\": \"*\"\n    }\n  ]\n}\n"
            },
            "user": {
              "references": [
                "aws_iam_user.invalid_user_policy_user"
              ]
            }
          },
          "schema_version": 0
        },
        {
          "address": "aws_iam_user_policy_attachment.invalid_user_policy_attachment",
          "mode": "managed",
          "type": "aws_iam_user_policy_attachment",
          "name": "invalid_user_policy_attachment",
          "provider_config_key": "aws",
          "expressions": {
            "policy_arn": {
              "references": [
                "aws_iam_policy.invalid_user_policy_attachment_policy"
              ]
            },
            "user": {
              "references": [
                "aws_iam_user.invalid_user_policy_attachment_user"
              ]
            }
          },
          "schema_version": 0
        }
      ]
    }
  }
}
